// !$*UTF8*$!
{
	archiveVersion = 1;
	classes = {
	};
	objectVersion = 48;
	objects = {

/* Begin PBXBuildFile section */
		839DA8E51F8CDBCA009E05F3 /* main.swift in Sources */ = {isa = PBXBuildFile; fileRef = 839DA8E41F8CDBCA009E05F3 /* main.swift */; };
		FA025A7622CF421500D103E1 /* CardsInfo.swift in Sources */ = {isa = PBXBuildFile; fileRef = FA025A7522CF421500D103E1 /* CardsInfo.swift */; };
		FA042C9922C24D7D00A95C55 /* Card.swift in Sources */ = {isa = PBXBuildFile; fileRef = FA042C9822C24D7D00A95C55 /* Card.swift */; };
		FA042C9D22C4904A00A95C55 /* CardDeck.swift in Sources */ = {isa = PBXBuildFile; fileRef = FA042C9C22C4904A00A95C55 /* CardDeck.swift */; };
		FA042C9F22C490C900A95C55 /* InputView.swift in Sources */ = {isa = PBXBuildFile; fileRef = FA042C9E22C490C900A95C55 /* InputView.swift */; };
		FA042CA322C4B3A400A95C55 /* DeckMenu.swift in Sources */ = {isa = PBXBuildFile; fileRef = FA042CA222C4B3A400A95C55 /* DeckMenu.swift */; };
		FA042CA522C4C24800A95C55 /* OutputView.swift in Sources */ = {isa = PBXBuildFile; fileRef = FA042CA422C4C24800A95C55 /* OutputView.swift */; };
		FA042CA722C5CF4F00A95C55 /* HandlingDeckResult.swift in Sources */ = {isa = PBXBuildFile; fileRef = FA042CA622C5CF4F00A95C55 /* HandlingDeckResult.swift */; };
		FA042CA922C5E0A300A95C55 /* Dealer.swift in Sources */ = {isa = PBXBuildFile; fileRef = FA042CA822C5E0A300A95C55 /* Dealer.swift */; };
		FA042CAB22C5E90000A95C55 /* DeckMaker.swift in Sources */ = {isa = PBXBuildFile; fileRef = FA042CAA22C5E90000A95C55 /* DeckMaker.swift */; };
		FA2D4A5C22CF513500158505 /* CardGameTests.swift in Sources */ = {isa = PBXBuildFile; fileRef = FA2D4A5B22CF513500158505 /* CardGameTests.swift */; };
		FA2D4A6122CF516300158505 /* main.swift in Sources */ = {isa = PBXBuildFile; fileRef = 839DA8E41F8CDBCA009E05F3 /* main.swift */; };
		FA2D4A6222CF516600158505 /* GuideSentence.swift in Sources */ = {isa = PBXBuildFile; fileRef = FAF2345C22CA2F5B009A5DFB /* GuideSentence.swift */; };
		FA2D4A6322CF516800158505 /* InputView.swift in Sources */ = {isa = PBXBuildFile; fileRef = FA042C9E22C490C900A95C55 /* InputView.swift */; };
		FA2D4A6422CF516B00158505 /* GameInputView.swift in Sources */ = {isa = PBXBuildFile; fileRef = FAF2345E22CA2FC0009A5DFB /* GameInputView.swift */; };
		FA2D4A6522CF516D00158505 /* OutputView.swift in Sources */ = {isa = PBXBuildFile; fileRef = FA042CA422C4C24800A95C55 /* OutputView.swift */; };
		FA2D4A6622CF517000158505 /* DeckMenu.swift in Sources */ = {isa = PBXBuildFile; fileRef = FA042CA222C4B3A400A95C55 /* DeckMenu.swift */; };
		FA2D4A6722CF51A100158505 /* GameMenu.swift in Sources */ = {isa = PBXBuildFile; fileRef = FAF2345A22CA2DD6009A5DFB /* GameMenu.swift */; };
		FA2D4A6822CF522D00158505 /* DeckMaker.swift in Sources */ = {isa = PBXBuildFile; fileRef = FA042CAA22C5E90000A95C55 /* DeckMaker.swift */; };
		FA2D4A6922CF523000158505 /* CardDeck.swift in Sources */ = {isa = PBXBuildFile; fileRef = FA042C9C22C4904A00A95C55 /* CardDeck.swift */; };
		FA2D4A6B22CF523600158505 /* Card.swift in Sources */ = {isa = PBXBuildFile; fileRef = FA042C9822C24D7D00A95C55 /* Card.swift */; };
		FA2D4A6C22CF523B00158505 /* HandlingDeckResult.swift in Sources */ = {isa = PBXBuildFile; fileRef = FA042CA622C5CF4F00A95C55 /* HandlingDeckResult.swift */; };
		FA2D4A6D22CF523E00158505 /* Player.swift in Sources */ = {isa = PBXBuildFile; fileRef = FAF2346022CA30A2009A5DFB /* Player.swift */; };
		FA2D4A6E22CF524100158505 /* Dealer.swift in Sources */ = {isa = PBXBuildFile; fileRef = FA042CA822C5E0A300A95C55 /* Dealer.swift */; };
		FA2D4A6F22CF524400158505 /* CardGame.swift in Sources */ = {isa = PBXBuildFile; fileRef = FAF2346422CA33D3009A5DFB /* CardGame.swift */; };
		FA2D4A7022CF524600158505 /* GameInfo.swift in Sources */ = {isa = PBXBuildFile; fileRef = FAF2346222CA3341009A5DFB /* GameInfo.swift */; };
		FA2D4A7122CF524900158505 /* CardsInfo.swift in Sources */ = {isa = PBXBuildFile; fileRef = FA025A7522CF421500D103E1 /* CardsInfo.swift */; };
		FA2D4A7322CF6AA300158505 /* CardSetRanking.swift in Sources */ = {isa = PBXBuildFile; fileRef = FA2D4A7222CF6AA300158505 /* CardSetRanking.swift */; };
		FA2D4A7522CF6C6600158505 /* HandDecider.swift in Sources */ = {isa = PBXBuildFile; fileRef = FA2D4A7422CF6C6600158505 /* HandDecider.swift */; };
		FAD7E47222D0C81000859630 /* PlayersInfo.swift in Sources */ = {isa = PBXBuildFile; fileRef = FAD7E47122D0C81000859630 /* PlayersInfo.swift */; };
		FAD7E47322D0CAA700859630 /* HandDecider.swift in Sources */ = {isa = PBXBuildFile; fileRef = FA2D4A7422CF6C6600158505 /* HandDecider.swift */; };
		FAD7E47422D0F84700859630 /* CardSetRanking.swift in Sources */ = {isa = PBXBuildFile; fileRef = FA2D4A7222CF6AA300158505 /* CardSetRanking.swift */; };
		FAD7E47522D0F88B00859630 /* PlayersInfo.swift in Sources */ = {isa = PBXBuildFile; fileRef = FAD7E47122D0C81000859630 /* PlayersInfo.swift */; };
		FAD7E47722D1112400859630 /* HandTests.swift in Sources */ = {isa = PBXBuildFile; fileRef = FAD7E47622D1112400859630 /* HandTests.swift */; };
		FAD7E47922D211A200859630 /* WinnerDecider.swift in Sources */ = {isa = PBXBuildFile; fileRef = FAD7E47822D211A200859630 /* WinnerDecider.swift */; };
		FAD7E47A22D211CE00859630 /* WinnerDecider.swift in Sources */ = {isa = PBXBuildFile; fileRef = FAD7E47822D211A200859630 /* WinnerDecider.swift */; };
		FAF2345B22CA2DD6009A5DFB /* GameMenu.swift in Sources */ = {isa = PBXBuildFile; fileRef = FAF2345A22CA2DD6009A5DFB /* GameMenu.swift */; };
		FAF2345D22CA2F5B009A5DFB /* GuideSentence.swift in Sources */ = {isa = PBXBuildFile; fileRef = FAF2345C22CA2F5B009A5DFB /* GuideSentence.swift */; };
		FAF2345F22CA2FC0009A5DFB /* GameInputView.swift in Sources */ = {isa = PBXBuildFile; fileRef = FAF2345E22CA2FC0009A5DFB /* GameInputView.swift */; };
		FAF2346122CA30A2009A5DFB /* Player.swift in Sources */ = {isa = PBXBuildFile; fileRef = FAF2346022CA30A2009A5DFB /* Player.swift */; };
		FAF2346322CA3341009A5DFB /* GameInfo.swift in Sources */ = {isa = PBXBuildFile; fileRef = FAF2346222CA3341009A5DFB /* GameInfo.swift */; };
		FAF2346522CA33D3009A5DFB /* CardGame.swift in Sources */ = {isa = PBXBuildFile; fileRef = FAF2346422CA33D3009A5DFB /* CardGame.swift */; };
/* End PBXBuildFile section */

/* Begin PBXCopyFilesBuildPhase section */
		839DA8DF1F8CDBC9009E05F3 /* CopyFiles */ = {
			isa = PBXCopyFilesBuildPhase;
			buildActionMask = 2147483647;
			dstPath = /usr/share/man/man1/;
			dstSubfolderSpec = 0;
			files = (
			);
			runOnlyForDeploymentPostprocessing = 1;
		};
/* End PBXCopyFilesBuildPhase section */

/* Begin PBXFileReference section */
		839DA8E11F8CDBC9009E05F3 /* CardGame */ = {isa = PBXFileReference; explicitFileType = "compiled.mach-o.executable"; includeInIndex = 0; path = CardGame; sourceTree = BUILT_PRODUCTS_DIR; };
		839DA8E41F8CDBCA009E05F3 /* main.swift */ = {isa = PBXFileReference; lastKnownFileType = sourcecode.swift; path = main.swift; sourceTree = "<group>"; };
		FA025A7522CF421500D103E1 /* CardsInfo.swift */ = {isa = PBXFileReference; lastKnownFileType = sourcecode.swift; path = CardsInfo.swift; sourceTree = "<group>"; };
		FA042C9822C24D7D00A95C55 /* Card.swift */ = {isa = PBXFileReference; lastKnownFileType = sourcecode.swift; path = Card.swift; sourceTree = "<group>"; };
		FA042C9C22C4904A00A95C55 /* CardDeck.swift */ = {isa = PBXFileReference; lastKnownFileType = sourcecode.swift; path = CardDeck.swift; sourceTree = "<group>"; };
		FA042C9E22C490C900A95C55 /* InputView.swift */ = {isa = PBXFileReference; lastKnownFileType = sourcecode.swift; path = InputView.swift; sourceTree = "<group>"; };
		FA042CA222C4B3A400A95C55 /* DeckMenu.swift */ = {isa = PBXFileReference; lastKnownFileType = sourcecode.swift; path = DeckMenu.swift; sourceTree = "<group>"; };
		FA042CA422C4C24800A95C55 /* OutputView.swift */ = {isa = PBXFileReference; lastKnownFileType = sourcecode.swift; path = OutputView.swift; sourceTree = "<group>"; };
		FA042CA622C5CF4F00A95C55 /* HandlingDeckResult.swift */ = {isa = PBXFileReference; lastKnownFileType = sourcecode.swift; path = HandlingDeckResult.swift; sourceTree = "<group>"; };
		FA042CA822C5E0A300A95C55 /* Dealer.swift */ = {isa = PBXFileReference; lastKnownFileType = sourcecode.swift; path = Dealer.swift; sourceTree = "<group>"; };
		FA042CAA22C5E90000A95C55 /* DeckMaker.swift */ = {isa = PBXFileReference; lastKnownFileType = sourcecode.swift; path = DeckMaker.swift; sourceTree = "<group>"; };
		FA2D4A5922CF513500158505 /* CardGameTests.xctest */ = {isa = PBXFileReference; explicitFileType = wrapper.cfbundle; includeInIndex = 0; path = CardGameTests.xctest; sourceTree = BUILT_PRODUCTS_DIR; };
		FA2D4A5B22CF513500158505 /* CardGameTests.swift */ = {isa = PBXFileReference; lastKnownFileType = sourcecode.swift; path = CardGameTests.swift; sourceTree = "<group>"; };
		FA2D4A5D22CF513500158505 /* Info.plist */ = {isa = PBXFileReference; lastKnownFileType = text.plist.xml; path = Info.plist; sourceTree = "<group>"; };
		FA2D4A7222CF6AA300158505 /* HandRanking.swift */ = {isa = PBXFileReference; lastKnownFileType = sourcecode.swift; path = HandRanking.swift; sourceTree = "<group>"; };
		FA2D4A7422CF6C6600158505 /* HandDecider.swift */ = {isa = PBXFileReference; lastKnownFileType = sourcecode.swift; path = HandDecider.swift; sourceTree = "<group>"; };
		FAD7E47122D0C81000859630 /* PlayersInfo.swift */ = {isa = PBXFileReference; lastKnownFileType = sourcecode.swift; path = PlayersInfo.swift; sourceTree = "<group>"; };
		FAD7E47622D1112400859630 /* HandTests.swift */ = {isa = PBXFileReference; lastKnownFileType = sourcecode.swift; path = HandTests.swift; sourceTree = "<group>"; };
		FAD7E47822D211A200859630 /* WinnerDecider.swift */ = {isa = PBXFileReference; lastKnownFileType = sourcecode.swift; path = WinnerDecider.swift; sourceTree = "<group>"; };
		FAF2345A22CA2DD6009A5DFB /* GameMenu.swift */ = {isa = PBXFileReference; lastKnownFileType = sourcecode.swift; path = GameMenu.swift; sourceTree = "<group>"; };
		FAF2345C22CA2F5B009A5DFB /* GuideSentence.swift */ = {isa = PBXFileReference; lastKnownFileType = sourcecode.swift; path = GuideSentence.swift; sourceTree = "<group>"; };
		FAF2345E22CA2FC0009A5DFB /* GameInputView.swift */ = {isa = PBXFileReference; lastKnownFileType = sourcecode.swift; path = GameInputView.swift; sourceTree = "<group>"; };
		FAF2346022CA30A2009A5DFB /* Player.swift */ = {isa = PBXFileReference; lastKnownFileType = sourcecode.swift; path = Player.swift; sourceTree = "<group>"; };
		FAF2346222CA3341009A5DFB /* GameInfo.swift */ = {isa = PBXFileReference; lastKnownFileType = sourcecode.swift; path = GameInfo.swift; sourceTree = "<group>"; };
		FAF2346422CA33D3009A5DFB /* CardGame.swift */ = {isa = PBXFileReference; lastKnownFileType = sourcecode.swift; path = CardGame.swift; sourceTree = "<group>"; };
/* End PBXFileReference section */

/* Begin PBXFrameworksBuildPhase section */
		839DA8DE1F8CDBC9009E05F3 /* Frameworks */ = {
			isa = PBXFrameworksBuildPhase;
			buildActionMask = 2147483647;
			files = (
			);
			runOnlyForDeploymentPostprocessing = 0;
		};
		FA2D4A5622CF513500158505 /* Frameworks */ = {
			isa = PBXFrameworksBuildPhase;
			buildActionMask = 2147483647;
			files = (
			);
			runOnlyForDeploymentPostprocessing = 0;
		};
/* End PBXFrameworksBuildPhase section */

/* Begin PBXGroup section */
		839DA8D81F8CDBC9009E05F3 = {
			isa = PBXGroup;
			children = (
				839DA8E31F8CDBC9009E05F3 /* CardGame */,
				FA2D4A5A22CF513500158505 /* CardGameTests */,
				839DA8E21F8CDBC9009E05F3 /* Products */,
			);
			sourceTree = "<group>";
		};
		839DA8E21F8CDBC9009E05F3 /* Products */ = {
			isa = PBXGroup;
			children = (
				839DA8E11F8CDBC9009E05F3 /* CardGame */,
				FA2D4A5922CF513500158505 /* CardGameTests.xctest */,
			);
			name = Products;
			sourceTree = "<group>";
		};
		839DA8E31F8CDBC9009E05F3 /* CardGame */ = {
			isa = PBXGroup;
			children = (
				839DA8E41F8CDBCA009E05F3 /* main.swift */,
				FA042CAC22C5EA8800A95C55 /* Views */,
				FAF2346822CA3641009A5DFB /* Menus */,
				FAF2346922CA36A7009A5DFB /* Card+Deck */,
				FAF2346A22CA36BA009A5DFB /* Game */,
			);
			path = CardGame;
			sourceTree = "<group>";
		};
		FA042CAC22C5EA8800A95C55 /* Views */ = {
			isa = PBXGroup;
			children = (
				FAF2345C22CA2F5B009A5DFB /* GuideSentence.swift */,
				FA042C9E22C490C900A95C55 /* InputView.swift */,
				FAF2345E22CA2FC0009A5DFB /* GameInputView.swift */,
				FA042CA422C4C24800A95C55 /* OutputView.swift */,
			);
			path = Views;
			sourceTree = "<group>";
		};
		FA2D4A5A22CF513500158505 /* CardGameTests */ = {
			isa = PBXGroup;
			children = (
				FA2D4A5B22CF513500158505 /* CardGameTests.swift */,
				FAD7E47622D1112400859630 /* HandTests.swift */,
				FA2D4A5D22CF513500158505 /* Info.plist */,
			);
			path = CardGameTests;
			sourceTree = "<group>";
		};
		FAF2346822CA3641009A5DFB /* Menus */ = {
			isa = PBXGroup;
			children = (
				FA042CA222C4B3A400A95C55 /* DeckMenu.swift */,
				FAF2345A22CA2DD6009A5DFB /* GameMenu.swift */,
			);
			path = Menus;
			sourceTree = "<group>";
		};
		FAF2346922CA36A7009A5DFB /* Card+Deck */ = {
			isa = PBXGroup;
			children = (
				FA042C9822C24D7D00A95C55 /* Card.swift */,
				FA042C9C22C4904A00A95C55 /* CardDeck.swift */,
				FA042CAA22C5E90000A95C55 /* DeckMaker.swift */,
				FA042CA622C5CF4F00A95C55 /* HandlingDeckResult.swift */,
			);
			path = "Card+Deck";
			sourceTree = "<group>";
		};
		FAF2346A22CA36BA009A5DFB /* Game */ = {
			isa = PBXGroup;
			children = (
				FAF2346222CA3341009A5DFB /* GameInfo.swift */,
				FAF2346422CA33D3009A5DFB /* CardGame.swift */,
				FAD7E47122D0C81000859630 /* PlayersInfo.swift */,
				FAF2346022CA30A2009A5DFB /* Player.swift */,
				FA042CA822C5E0A300A95C55 /* Dealer.swift */,
				FA025A7522CF421500D103E1 /* CardsInfo.swift */,
				FA2D4A7422CF6C6600158505 /* HandDecider.swift */,
				FAD7E47822D211A200859630 /* WinnerDecider.swift */,
				FA2D4A7222CF6AA300158505 /* HandRanking.swift */,
			);
			path = Game;
			sourceTree = "<group>";
		};
/* End PBXGroup section */

/* Begin PBXNativeTarget section */
		839DA8E01F8CDBC9009E05F3 /* CardGame */ = {
			isa = PBXNativeTarget;
			buildConfigurationList = 839DA8E81F8CDBCA009E05F3 /* Build configuration list for PBXNativeTarget "CardGame" */;
			buildPhases = (
				839DA8DD1F8CDBC9009E05F3 /* Sources */,
				839DA8DE1F8CDBC9009E05F3 /* Frameworks */,
				839DA8DF1F8CDBC9009E05F3 /* CopyFiles */,
			);
			buildRules = (
			);
			dependencies = (
			);
			name = CardGame;
			productName = CardGame;
			productReference = 839DA8E11F8CDBC9009E05F3 /* CardGame */;
			productType = "com.apple.product-type.tool";
		};
		FA2D4A5822CF513500158505 /* CardGameTests */ = {
			isa = PBXNativeTarget;
			buildConfigurationList = FA2D4A6022CF513500158505 /* Build configuration list for PBXNativeTarget "CardGameTests" */;
			buildPhases = (
				FA2D4A5522CF513500158505 /* Sources */,
				FA2D4A5622CF513500158505 /* Frameworks */,
				FA2D4A5722CF513500158505 /* Resources */,
			);
			buildRules = (
			);
			dependencies = (
			);
			name = CardGameTests;
			productName = CardGameTests;
			productReference = FA2D4A5922CF513500158505 /* CardGameTests.xctest */;
			productType = "com.apple.product-type.bundle.unit-test";
		};
/* End PBXNativeTarget section */

/* Begin PBXProject section */
		839DA8D91F8CDBC9009E05F3 /* Project object */ = {
			isa = PBXProject;
			attributes = {
				LastSwiftUpdateCheck = 1020;
				LastUpgradeCheck = 0900;
				ORGANIZATIONNAME = JK;
				TargetAttributes = {
					839DA8E01F8CDBC9009E05F3 = {
						CreatedOnToolsVersion = 9.0;
						ProvisioningStyle = Automatic;
					};
					FA2D4A5822CF513500158505 = {
						CreatedOnToolsVersion = 10.2.1;
						ProvisioningStyle = Automatic;
					};
				};
			};
			buildConfigurationList = 839DA8DC1F8CDBC9009E05F3 /* Build configuration list for PBXProject "CardGame" */;
			compatibilityVersion = "Xcode 8.0";
			developmentRegion = en;
			hasScannedForEncodings = 0;
			knownRegions = (
				en,
			);
			mainGroup = 839DA8D81F8CDBC9009E05F3;
			productRefGroup = 839DA8E21F8CDBC9009E05F3 /* Products */;
			projectDirPath = "";
			projectRoot = "";
			targets = (
				839DA8E01F8CDBC9009E05F3 /* CardGame */,
				FA2D4A5822CF513500158505 /* CardGameTests */,
			);
		};
/* End PBXProject section */

/* Begin PBXResourcesBuildPhase section */
		FA2D4A5722CF513500158505 /* Resources */ = {
			isa = PBXResourcesBuildPhase;
			buildActionMask = 2147483647;
			files = (
			);
			runOnlyForDeploymentPostprocessing = 0;
		};
/* End PBXResourcesBuildPhase section */

/* Begin PBXSourcesBuildPhase section */
		839DA8DD1F8CDBC9009E05F3 /* Sources */ = {
			isa = PBXSourcesBuildPhase;
			buildActionMask = 2147483647;
			files = (
				FA042C9D22C4904A00A95C55 /* CardDeck.swift in Sources */,
				FAD7E47922D211A200859630 /* WinnerDecider.swift in Sources */,
				FA042CA322C4B3A400A95C55 /* DeckMenu.swift in Sources */,
				FA042CA722C5CF4F00A95C55 /* HandlingDeckResult.swift in Sources */,
				FAF2345F22CA2FC0009A5DFB /* GameInputView.swift in Sources */,
				FA025A7622CF421500D103E1 /* CardsInfo.swift in Sources */,
				FA042C9F22C490C900A95C55 /* InputView.swift in Sources */,
				FAF2346122CA30A2009A5DFB /* Player.swift in Sources */,
				FA2D4A7522CF6C6600158505 /* HandDecider.swift in Sources */,
				839DA8E51F8CDBCA009E05F3 /* main.swift in Sources */,
				FAF2346322CA3341009A5DFB /* GameInfo.swift in Sources */,
				FA042CA922C5E0A300A95C55 /* Dealer.swift in Sources */,
				FAF2345B22CA2DD6009A5DFB /* GameMenu.swift in Sources */,
				FA042C9922C24D7D00A95C55 /* Card.swift in Sources */,
				FA042CA522C4C24800A95C55 /* OutputView.swift in Sources */,
				FAF2345D22CA2F5B009A5DFB /* GuideSentence.swift in Sources */,
				FA042CAB22C5E90000A95C55 /* DeckMaker.swift in Sources */,
				FA2D4A7322CF6AA300158505 /* HandRanking.swift in Sources */,
				FAD7E47222D0C81000859630 /* PlayersInfo.swift in Sources */,
				FAF2346522CA33D3009A5DFB /* CardGame.swift in Sources */,
			);
			runOnlyForDeploymentPostprocessing = 0;
		};
		FA2D4A5522CF513500158505 /* Sources */ = {
			isa = PBXSourcesBuildPhase;
			buildActionMask = 2147483647;
			files = (
				FA2D4A6722CF51A100158505 /* GameMenu.swift in Sources */,
				FA2D4A6122CF516300158505 /* main.swift in Sources */,
				FA2D4A6422CF516B00158505 /* GameInputView.swift in Sources */,
				FA2D4A6622CF517000158505 /* DeckMenu.swift in Sources */,
				FA2D4A6D22CF523E00158505 /* Player.swift in Sources */,
				FA2D4A6322CF516800158505 /* InputView.swift in Sources */,
				FA2D4A6C22CF523B00158505 /* HandlingDeckResult.swift in Sources */,
				FAD7E47322D0CAA700859630 /* HandDecider.swift in Sources */,
				FA2D4A6222CF516600158505 /* GuideSentence.swift in Sources */,
				FA2D4A6E22CF524100158505 /* Dealer.swift in Sources */,
				FA2D4A6922CF523000158505 /* CardDeck.swift in Sources */,
				FA2D4A6B22CF523600158505 /* Card.swift in Sources */,
				FAD7E47522D0F88B00859630 /* PlayersInfo.swift in Sources */,
				FA2D4A5C22CF513500158505 /* CardGameTests.swift in Sources */,
				FA2D4A6522CF516D00158505 /* OutputView.swift in Sources */,
				FA2D4A6F22CF524400158505 /* CardGame.swift in Sources */,
				FAD7E47422D0F84700859630 /* HandRanking.swift in Sources */,
				FA2D4A7122CF524900158505 /* CardsInfo.swift in Sources */,
				FAD7E47722D1112400859630 /* HandTests.swift in Sources */,
				FAD7E47A22D211CE00859630 /* WinnerDecider.swift in Sources */,
				FA2D4A6822CF522D00158505 /* DeckMaker.swift in Sources */,
				FA2D4A7022CF524600158505 /* GameInfo.swift in Sources */,
			);
			runOnlyForDeploymentPostprocessing = 0;
		};
/* End PBXSourcesBuildPhase section */

/* Begin XCBuildConfiguration section */
		839DA8E61F8CDBCA009E05F3 /* Debug */ = {
			isa = XCBuildConfiguration;
			buildSettings = {
				ALWAYS_SEARCH_USER_PATHS = NO;
				CLANG_ANALYZER_NONNULL = YES;
				CLANG_ANALYZER_NUMBER_OBJECT_CONVERSION = YES_AGGRESSIVE;
				CLANG_CXX_LANGUAGE_STANDARD = "gnu++14";
				CLANG_CXX_LIBRARY = "libc++";
				CLANG_ENABLE_MODULES = YES;
				CLANG_ENABLE_OBJC_ARC = YES;
				CLANG_WARN_BLOCK_CAPTURE_AUTORELEASING = YES;
				CLANG_WARN_BOOL_CONVERSION = YES;
				CLANG_WARN_COMMA = YES;
				CLANG_WARN_CONSTANT_CONVERSION = YES;
				CLANG_WARN_DIRECT_OBJC_ISA_USAGE = YES_ERROR;
				CLANG_WARN_DOCUMENTATION_COMMENTS = YES;
				CLANG_WARN_EMPTY_BODY = YES;
				CLANG_WARN_ENUM_CONVERSION = YES;
				CLANG_WARN_INFINITE_RECURSION = YES;
				CLANG_WARN_INT_CONVERSION = YES;
				CLANG_WARN_NON_LITERAL_NULL_CONVERSION = YES;
				CLANG_WARN_OBJC_LITERAL_CONVERSION = YES;
				CLANG_WARN_OBJC_ROOT_CLASS = YES_ERROR;
				CLANG_WARN_RANGE_LOOP_ANALYSIS = YES;
				CLANG_WARN_STRICT_PROTOTYPES = YES;
				CLANG_WARN_SUSPICIOUS_MOVE = YES;
				CLANG_WARN_UNGUARDED_AVAILABILITY = YES_AGGRESSIVE;
				CLANG_WARN_UNREACHABLE_CODE = YES;
				CLANG_WARN__DUPLICATE_METHOD_MATCH = YES;
				CODE_SIGN_IDENTITY = "-";
				COPY_PHASE_STRIP = NO;
				DEBUG_INFORMATION_FORMAT = dwarf;
				ENABLE_STRICT_OBJC_MSGSEND = YES;
				ENABLE_TESTABILITY = YES;
				GCC_C_LANGUAGE_STANDARD = gnu11;
				GCC_DYNAMIC_NO_PIC = NO;
				GCC_NO_COMMON_BLOCKS = YES;
				GCC_OPTIMIZATION_LEVEL = 0;
				GCC_PREPROCESSOR_DEFINITIONS = (
					"DEBUG=1",
					"$(inherited)",
				);
				GCC_WARN_64_TO_32_BIT_CONVERSION = YES;
				GCC_WARN_ABOUT_RETURN_TYPE = YES_ERROR;
				GCC_WARN_UNDECLARED_SELECTOR = YES;
				GCC_WARN_UNINITIALIZED_AUTOS = YES_AGGRESSIVE;
				GCC_WARN_UNUSED_FUNCTION = YES;
				GCC_WARN_UNUSED_VARIABLE = YES;
				MACOSX_DEPLOYMENT_TARGET = 10.13;
				MTL_ENABLE_DEBUG_INFO = YES;
				ONLY_ACTIVE_ARCH = YES;
				SDKROOT = macosx;
				SWIFT_ACTIVE_COMPILATION_CONDITIONS = DEBUG;
				SWIFT_OPTIMIZATION_LEVEL = "-Onone";
			};
			name = Debug;
		};
		839DA8E71F8CDBCA009E05F3 /* Release */ = {
			isa = XCBuildConfiguration;
			buildSettings = {
				ALWAYS_SEARCH_USER_PATHS = NO;
				CLANG_ANALYZER_NONNULL = YES;
				CLANG_ANALYZER_NUMBER_OBJECT_CONVERSION = YES_AGGRESSIVE;
				CLANG_CXX_LANGUAGE_STANDARD = "gnu++14";
				CLANG_CXX_LIBRARY = "libc++";
				CLANG_ENABLE_MODULES = YES;
				CLANG_ENABLE_OBJC_ARC = YES;
				CLANG_WARN_BLOCK_CAPTURE_AUTORELEASING = YES;
				CLANG_WARN_BOOL_CONVERSION = YES;
				CLANG_WARN_COMMA = YES;
				CLANG_WARN_CONSTANT_CONVERSION = YES;
				CLANG_WARN_DIRECT_OBJC_ISA_USAGE = YES_ERROR;
				CLANG_WARN_DOCUMENTATION_COMMENTS = YES;
				CLANG_WARN_EMPTY_BODY = YES;
				CLANG_WARN_ENUM_CONVERSION = YES;
				CLANG_WARN_INFINITE_RECURSION = YES;
				CLANG_WARN_INT_CONVERSION = YES;
				CLANG_WARN_NON_LITERAL_NULL_CONVERSION = YES;
				CLANG_WARN_OBJC_LITERAL_CONVERSION = YES;
				CLANG_WARN_OBJC_ROOT_CLASS = YES_ERROR;
				CLANG_WARN_RANGE_LOOP_ANALYSIS = YES;
				CLANG_WARN_STRICT_PROTOTYPES = YES;
				CLANG_WARN_SUSPICIOUS_MOVE = YES;
				CLANG_WARN_UNGUARDED_AVAILABILITY = YES_AGGRESSIVE;
				CLANG_WARN_UNREACHABLE_CODE = YES;
				CLANG_WARN__DUPLICATE_METHOD_MATCH = YES;
				CODE_SIGN_IDENTITY = "-";
				COPY_PHASE_STRIP = NO;
				DEBUG_INFORMATION_FORMAT = "dwarf-with-dsym";
				ENABLE_NS_ASSERTIONS = NO;
				ENABLE_STRICT_OBJC_MSGSEND = YES;
				GCC_C_LANGUAGE_STANDARD = gnu11;
				GCC_NO_COMMON_BLOCKS = YES;
				GCC_WARN_64_TO_32_BIT_CONVERSION = YES;
				GCC_WARN_ABOUT_RETURN_TYPE = YES_ERROR;
				GCC_WARN_UNDECLARED_SELECTOR = YES;
				GCC_WARN_UNINITIALIZED_AUTOS = YES_AGGRESSIVE;
				GCC_WARN_UNUSED_FUNCTION = YES;
				GCC_WARN_UNUSED_VARIABLE = YES;
				MACOSX_DEPLOYMENT_TARGET = 10.13;
				MTL_ENABLE_DEBUG_INFO = NO;
				SDKROOT = macosx;
				SWIFT_OPTIMIZATION_LEVEL = "-Owholemodule";
			};
			name = Release;
		};
		839DA8E91F8CDBCA009E05F3 /* Debug */ = {
			isa = XCBuildConfiguration;
			buildSettings = {
				CODE_SIGN_STYLE = Automatic;
				PRODUCT_NAME = "$(TARGET_NAME)";
				SWIFT_VERSION = 4.0;
			};
			name = Debug;
		};
		839DA8EA1F8CDBCA009E05F3 /* Release */ = {
			isa = XCBuildConfiguration;
			buildSettings = {
				CODE_SIGN_STYLE = Automatic;
				PRODUCT_NAME = "$(TARGET_NAME)";
				SWIFT_VERSION = 4.0;
			};
			name = Release;
		};
		FA2D4A5E22CF513500158505 /* Debug */ = {
			isa = XCBuildConfiguration;
			buildSettings = {
				CLANG_ENABLE_OBJC_WEAK = YES;
				CLANG_WARN_DEPRECATED_OBJC_IMPLEMENTATIONS = YES;
				CLANG_WARN_OBJC_IMPLICIT_RETAIN_SELF = YES;
				CODE_SIGN_IDENTITY = "Mac Developer";
				CODE_SIGN_STYLE = Automatic;
				COMBINE_HIDPI_IMAGES = YES;
				DEVELOPMENT_TEAM = A6757ACX9Z;
				INFOPLIST_FILE = CardGameTests/Info.plist;
				LD_RUNPATH_SEARCH_PATHS = "$(inherited) @executable_path/../Frameworks @loader_path/../Frameworks";
				MACOSX_DEPLOYMENT_TARGET = 10.14;
				MTL_ENABLE_DEBUG_INFO = INCLUDE_SOURCE;
				MTL_FAST_MATH = YES;
				PRODUCT_BUNDLE_IDENTIFIER = com.cmindy.CardGameTests;
				PRODUCT_NAME = "$(TARGET_NAME)";
				SWIFT_VERSION = 5.0;
			};
			name = Debug;
		};
		FA2D4A5F22CF513500158505 /* Release */ = {
			isa = XCBuildConfiguration;
			buildSettings = {
				CLANG_ENABLE_OBJC_WEAK = YES;
				CLANG_WARN_DEPRECATED_OBJC_IMPLEMENTATIONS = YES;
				CLANG_WARN_OBJC_IMPLICIT_RETAIN_SELF = YES;
				CODE_SIGN_IDENTITY = "Mac Developer";
				CODE_SIGN_STYLE = Automatic;
				COMBINE_HIDPI_IMAGES = YES;
				DEVELOPMENT_TEAM = A6757ACX9Z;
				INFOPLIST_FILE = CardGameTests/Info.plist;
				LD_RUNPATH_SEARCH_PATHS = "$(inherited) @executable_path/../Frameworks @loader_path/../Frameworks";
				MACOSX_DEPLOYMENT_TARGET = 10.14;
				MTL_FAST_MATH = YES;
				PRODUCT_BUNDLE_IDENTIFIER = com.cmindy.CardGameTests;
				PRODUCT_NAME = "$(TARGET_NAME)";
				SWIFT_VERSION = 5.0;
			};
			name = Release;
		};
/* End XCBuildConfiguration section */

/* Begin XCConfigurationList section */
		839DA8DC1F8CDBC9009E05F3 /* Build configuration list for PBXProject "CardGame" */ = {
			isa = XCConfigurationList;
			buildConfigurations = (
				839DA8E61F8CDBCA009E05F3 /* Debug */,
				839DA8E71F8CDBCA009E05F3 /* Release */,
			);
			defaultConfigurationIsVisible = 0;
			defaultConfigurationName = Release;
		};
		839DA8E81F8CDBCA009E05F3 /* Build configuration list for PBXNativeTarget "CardGame" */ = {
			isa = XCConfigurationList;
			buildConfigurations = (
				839DA8E91F8CDBCA009E05F3 /* Debug */,
				839DA8EA1F8CDBCA009E05F3 /* Release */,
			);
			defaultConfigurationIsVisible = 0;
			defaultConfigurationName = Release;
		};
		FA2D4A6022CF513500158505 /* Build configuration list for PBXNativeTarget "CardGameTests" */ = {
			isa = XCConfigurationList;
			buildConfigurations = (
				FA2D4A5E22CF513500158505 /* Debug */,
				FA2D4A5F22CF513500158505 /* Release */,
			);
			defaultConfigurationIsVisible = 0;
			defaultConfigurationName = Release;
		};
/* End XCConfigurationList section */
	};
	rootObject = 839DA8D91F8CDBC9009E05F3 /* Project object */;
}
