// !$*UTF8*$!
{
	archiveVersion = 1;
	classes = {
	};
	objectVersion = 48;
	objects = {

/* Begin PBXBuildFile section */
		2C57DA08233D04F300C32672 /* Card.swift in Sources */ = {isa = PBXBuildFile; fileRef = 2C57DA07233D04F300C32672 /* Card.swift */; };
		2C57DA0A233D054200C32672 /* Suit.swift in Sources */ = {isa = PBXBuildFile; fileRef = 2C57DA09233D054200C32672 /* Suit.swift */; };
		2C57DA0C233D054C00C32672 /* Rank.swift in Sources */ = {isa = PBXBuildFile; fileRef = 2C57DA0B233D054C00C32672 /* Rank.swift */; };
		2C57DA14233D093E00C32672 /* TestCardGame.swift in Sources */ = {isa = PBXBuildFile; fileRef = 2C57DA13233D093E00C32672 /* TestCardGame.swift */; };
		2C57DA19233D095E00C32672 /* Card.swift in Sources */ = {isa = PBXBuildFile; fileRef = 2C57DA07233D04F300C32672 /* Card.swift */; };
		2C57DA1A233D095E00C32672 /* Suit.swift in Sources */ = {isa = PBXBuildFile; fileRef = 2C57DA09233D054200C32672 /* Suit.swift */; };
		2C57DA1B233D095E00C32672 /* Rank.swift in Sources */ = {isa = PBXBuildFile; fileRef = 2C57DA0B233D054C00C32672 /* Rank.swift */; };
		2C705698233FCFA40061FBC5 /* CardDeck.swift in Sources */ = {isa = PBXBuildFile; fileRef = 2C705697233FCFA40061FBC5 /* CardDeck.swift */; };
		2C70569A233FD6C10061FBC5 /* TestCardDeck.swift in Sources */ = {isa = PBXBuildFile; fileRef = 2C705699233FD6C10061FBC5 /* TestCardDeck.swift */; };
		2C70569B233FD6C60061FBC5 /* CardDeck.swift in Sources */ = {isa = PBXBuildFile; fileRef = 2C705697233FCFA40061FBC5 /* CardDeck.swift */; };
		2C70569D233FD7F10061FBC5 /* InputView.swift in Sources */ = {isa = PBXBuildFile; fileRef = 2C70569C233FD7F10061FBC5 /* InputView.swift */; };
		2C70569F2340E5030061FBC5 /* DeckMenu.swift in Sources */ = {isa = PBXBuildFile; fileRef = 2C70569E2340E5030061FBC5 /* DeckMenu.swift */; };
		2C7056A02340E5150061FBC5 /* DeckMenu.swift in Sources */ = {isa = PBXBuildFile; fileRef = 2C70569E2340E5030061FBC5 /* DeckMenu.swift */; };
		2C7056A22340EBA40061FBC5 /* CardDeckGame.swift in Sources */ = {isa = PBXBuildFile; fileRef = 2C7056A12340EBA40061FBC5 /* CardDeckGame.swift */; };
		2C7056A32340EBA60061FBC5 /* CardDeckGame.swift in Sources */ = {isa = PBXBuildFile; fileRef = 2C7056A12340EBA40061FBC5 /* CardDeckGame.swift */; };
		2C7056A7234393F30061FBC5 /* OutputView.swift in Sources */ = {isa = PBXBuildFile; fileRef = 2C7056A6234393F30061FBC5 /* OutputView.swift */; };
		2C7056AA23439BDF0061FBC5 /* InputView.swift in Sources */ = {isa = PBXBuildFile; fileRef = 2C70569C233FD7F10061FBC5 /* InputView.swift */; };
		2C7056AB23439BE10061FBC5 /* OutputView.swift in Sources */ = {isa = PBXBuildFile; fileRef = 2C7056A6234393F30061FBC5 /* OutputView.swift */; };
		2C7056AD23439C3E0061FBC5 /* PockerDealerInputView.swift in Sources */ = {isa = PBXBuildFile; fileRef = 2C7056AC23439C3E0061FBC5 /* PockerDealerInputView.swift */; };
		2C7056AF23439CA20061FBC5 /* PockerDealerGame.swift in Sources */ = {isa = PBXBuildFile; fileRef = 2C7056AE23439CA20061FBC5 /* PockerDealerGame.swift */; };
		2C7056B123439D300061FBC5 /* PockerDealerOutputView.swift in Sources */ = {isa = PBXBuildFile; fileRef = 2C7056B023439D300061FBC5 /* PockerDealerOutputView.swift */; };
		2C7056B523439E220061FBC5 /* PockerDealerGame.swift in Sources */ = {isa = PBXBuildFile; fileRef = 2C7056AE23439CA20061FBC5 /* PockerDealerGame.swift */; };
		2C7056B623439E240061FBC5 /* PockerDealerOutputView.swift in Sources */ = {isa = PBXBuildFile; fileRef = 2C7056B023439D300061FBC5 /* PockerDealerOutputView.swift */; };
		2C7056B723439E270061FBC5 /* PockerDealerInputView.swift in Sources */ = {isa = PBXBuildFile; fileRef = 2C7056AC23439C3E0061FBC5 /* PockerDealerInputView.swift */; };
		839DA8E51F8CDBCA009E05F3 /* main.swift in Sources */ = {isa = PBXBuildFile; fileRef = 839DA8E41F8CDBCA009E05F3 /* main.swift */; };
/* End PBXBuildFile section */

/* Begin PBXCopyFilesBuildPhase section */
		839DA8DF1F8CDBC9009E05F3 /* CopyFiles */ = {
			isa = PBXCopyFilesBuildPhase;
			buildActionMask = 2147483647;
			dstPath = /usr/share/man/man1/;
			dstSubfolderSpec = 0;
			files = (
			);
			runOnlyForDeploymentPostprocessing = 1;
		};
/* End PBXCopyFilesBuildPhase section */

/* Begin PBXFileReference section */
		2C57DA07233D04F300C32672 /* Card.swift */ = {isa = PBXFileReference; lastKnownFileType = sourcecode.swift; path = Card.swift; sourceTree = "<group>"; };
		2C57DA09233D054200C32672 /* Suit.swift */ = {isa = PBXFileReference; lastKnownFileType = sourcecode.swift; path = Suit.swift; sourceTree = "<group>"; };
		2C57DA0B233D054C00C32672 /* Rank.swift */ = {isa = PBXFileReference; lastKnownFileType = sourcecode.swift; path = Rank.swift; sourceTree = "<group>"; };
		2C57DA11233D093E00C32672 /* TestCardGame.xctest */ = {isa = PBXFileReference; explicitFileType = wrapper.cfbundle; includeInIndex = 0; path = TestCardGame.xctest; sourceTree = BUILT_PRODUCTS_DIR; };
		2C57DA13233D093E00C32672 /* TestCardGame.swift */ = {isa = PBXFileReference; lastKnownFileType = sourcecode.swift; path = TestCardGame.swift; sourceTree = "<group>"; };
		2C57DA15233D093E00C32672 /* Info.plist */ = {isa = PBXFileReference; lastKnownFileType = text.plist.xml; path = Info.plist; sourceTree = "<group>"; };
		2C705697233FCFA40061FBC5 /* CardDeck.swift */ = {isa = PBXFileReference; lastKnownFileType = sourcecode.swift; path = CardDeck.swift; sourceTree = "<group>"; };
		2C705699233FD6C10061FBC5 /* TestCardDeck.swift */ = {isa = PBXFileReference; lastKnownFileType = sourcecode.swift; path = TestCardDeck.swift; sourceTree = "<group>"; };
		2C70569C233FD7F10061FBC5 /* InputView.swift */ = {isa = PBXFileReference; lastKnownFileType = sourcecode.swift; path = InputView.swift; sourceTree = "<group>"; };
		2C70569E2340E5030061FBC5 /* DeckMenu.swift */ = {isa = PBXFileReference; lastKnownFileType = sourcecode.swift; path = DeckMenu.swift; sourceTree = "<group>"; };
		2C7056A12340EBA40061FBC5 /* CardDeckGame.swift */ = {isa = PBXFileReference; lastKnownFileType = sourcecode.swift; path = CardDeckGame.swift; sourceTree = "<group>"; };
		2C7056A6234393F30061FBC5 /* OutputView.swift */ = {isa = PBXFileReference; lastKnownFileType = sourcecode.swift; path = OutputView.swift; sourceTree = "<group>"; };
		2C7056AC23439C3E0061FBC5 /* PockerDealerInputView.swift */ = {isa = PBXFileReference; lastKnownFileType = sourcecode.swift; path = PockerDealerInputView.swift; sourceTree = "<group>"; };
		2C7056AE23439CA20061FBC5 /* PockerDealerGame.swift */ = {isa = PBXFileReference; lastKnownFileType = sourcecode.swift; path = PockerDealerGame.swift; sourceTree = "<group>"; };
		2C7056B023439D300061FBC5 /* PockerDealerOutputView.swift */ = {isa = PBXFileReference; lastKnownFileType = sourcecode.swift; path = PockerDealerOutputView.swift; sourceTree = "<group>"; };
		839DA8E11F8CDBC9009E05F3 /* CardGame */ = {isa = PBXFileReference; explicitFileType = "compiled.mach-o.executable"; includeInIndex = 0; path = CardGame; sourceTree = BUILT_PRODUCTS_DIR; };
		839DA8E41F8CDBCA009E05F3 /* main.swift */ = {isa = PBXFileReference; lastKnownFileType = sourcecode.swift; path = main.swift; sourceTree = "<group>"; };
/* End PBXFileReference section */

/* Begin PBXFrameworksBuildPhase section */
		2C57DA0E233D093E00C32672 /* Frameworks */ = {
			isa = PBXFrameworksBuildPhase;
			buildActionMask = 2147483647;
			files = (
			);
			runOnlyForDeploymentPostprocessing = 0;
		};
		839DA8DE1F8CDBC9009E05F3 /* Frameworks */ = {
			isa = PBXFrameworksBuildPhase;
			buildActionMask = 2147483647;
			files = (
			);
			runOnlyForDeploymentPostprocessing = 0;
		};
/* End PBXFrameworksBuildPhase section */

/* Begin PBXGroup section */
		2C57DA12233D093E00C32672 /* TestCardGame */ = {
			isa = PBXGroup;
			children = (
				2C57DA13233D093E00C32672 /* TestCardGame.swift */,
				2C705699233FD6C10061FBC5 /* TestCardDeck.swift */,
				2C57DA15233D093E00C32672 /* Info.plist */,
			);
			path = TestCardGame;
			sourceTree = "<group>";
		};
		2C7056B223439D360061FBC5 /* Cards */ = {
			isa = PBXGroup;
			children = (
				2C705697233FCFA40061FBC5 /* CardDeck.swift */,
				2C57DA07233D04F300C32672 /* Card.swift */,
				2C57DA09233D054200C32672 /* Suit.swift */,
				2C57DA0B233D054C00C32672 /* Rank.swift */,
			);
			path = Cards;
			sourceTree = "<group>";
		};
		2C7056B323439D530061FBC5 /* CardDeckGame */ = {
			isa = PBXGroup;
			children = (
				2C7056A12340EBA40061FBC5 /* CardDeckGame.swift */,
				2C70569C233FD7F10061FBC5 /* InputView.swift */,
				2C7056A6234393F30061FBC5 /* OutputView.swift */,
				2C70569E2340E5030061FBC5 /* DeckMenu.swift */,
			);
			path = CardDeckGame;
			sourceTree = "<group>";
		};
		2C7056B423439D650061FBC5 /* PockerDealerGame */ = {
			isa = PBXGroup;
			children = (
				2C7056AE23439CA20061FBC5 /* PockerDealerGame.swift */,
				2C7056B023439D300061FBC5 /* PockerDealerOutputView.swift */,
				2C7056AC23439C3E0061FBC5 /* PockerDealerInputView.swift */,
			);
			path = PockerDealerGame;
			sourceTree = "<group>";
		};
		839DA8D81F8CDBC9009E05F3 = {
			isa = PBXGroup;
			children = (
				839DA8E31F8CDBC9009E05F3 /* CardGame */,
				2C57DA12233D093E00C32672 /* TestCardGame */,
				839DA8E21F8CDBC9009E05F3 /* Products */,
			);
			sourceTree = "<group>";
		};
		839DA8E21F8CDBC9009E05F3 /* Products */ = {
			isa = PBXGroup;
			children = (
				839DA8E11F8CDBC9009E05F3 /* CardGame */,
				2C57DA11233D093E00C32672 /* TestCardGame.xctest */,
			);
			name = Products;
			sourceTree = "<group>";
		};
		839DA8E31F8CDBC9009E05F3 /* CardGame */ = {
			isa = PBXGroup;
			children = (
				839DA8E41F8CDBCA009E05F3 /* main.swift */,
				2C7056B223439D360061FBC5 /* Cards */,
				2C7056B323439D530061FBC5 /* CardDeckGame */,
				2C7056B423439D650061FBC5 /* PockerDealerGame */,
			);
			path = CardGame;
			sourceTree = "<group>";
		};
/* End PBXGroup section */

/* Begin PBXNativeTarget section */
		2C57DA10233D093E00C32672 /* TestCardGame */ = {
			isa = PBXNativeTarget;
			buildConfigurationList = 2C57DA16233D093E00C32672 /* Build configuration list for PBXNativeTarget "TestCardGame" */;
			buildPhases = (
				2C57DA0D233D093E00C32672 /* Sources */,
				2C57DA0E233D093E00C32672 /* Frameworks */,
				2C57DA0F233D093E00C32672 /* Resources */,
			);
			buildRules = (
			);
			dependencies = (
			);
			name = TestCardGame;
			productName = TestCardGame;
			productReference = 2C57DA11233D093E00C32672 /* TestCardGame.xctest */;
			productType = "com.apple.product-type.bundle.unit-test";
		};
		839DA8E01F8CDBC9009E05F3 /* CardGame */ = {
			isa = PBXNativeTarget;
			buildConfigurationList = 839DA8E81F8CDBCA009E05F3 /* Build configuration list for PBXNativeTarget "CardGame" */;
			buildPhases = (
				839DA8DD1F8CDBC9009E05F3 /* Sources */,
				839DA8DE1F8CDBC9009E05F3 /* Frameworks */,
				839DA8DF1F8CDBC9009E05F3 /* CopyFiles */,
			);
			buildRules = (
			);
			dependencies = (
			);
			name = CardGame;
			productName = CardGame;
			productReference = 839DA8E11F8CDBC9009E05F3 /* CardGame */;
			productType = "com.apple.product-type.tool";
		};
/* End PBXNativeTarget section */

/* Begin PBXProject section */
		839DA8D91F8CDBC9009E05F3 /* Project object */ = {
			isa = PBXProject;
			attributes = {
				LastSwiftUpdateCheck = 1100;
				LastUpgradeCheck = 0900;
				ORGANIZATIONNAME = JK;
				TargetAttributes = {
					2C57DA10233D093E00C32672 = {
						CreatedOnToolsVersion = 11.0;
						ProvisioningStyle = Automatic;
					};
					839DA8E01F8CDBC9009E05F3 = {
						CreatedOnToolsVersion = 9.0;
						ProvisioningStyle = Automatic;
					};
				};
			};
			buildConfigurationList = 839DA8DC1F8CDBC9009E05F3 /* Build configuration list for PBXProject "CardGame" */;
			compatibilityVersion = "Xcode 8.0";
			developmentRegion = en;
			hasScannedForEncodings = 0;
			knownRegions = (
				en,
			);
			mainGroup = 839DA8D81F8CDBC9009E05F3;
			productRefGroup = 839DA8E21F8CDBC9009E05F3 /* Products */;
			projectDirPath = "";
			projectRoot = "";
			targets = (
				839DA8E01F8CDBC9009E05F3 /* CardGame */,
				2C57DA10233D093E00C32672 /* TestCardGame */,
			);
		};
/* End PBXProject section */

/* Begin PBXResourcesBuildPhase section */
		2C57DA0F233D093E00C32672 /* Resources */ = {
			isa = PBXResourcesBuildPhase;
			buildActionMask = 2147483647;
			files = (
			);
			runOnlyForDeploymentPostprocessing = 0;
		};
/* End PBXResourcesBuildPhase section */

/* Begin PBXSourcesBuildPhase section */
		2C57DA0D233D093E00C32672 /* Sources */ = {
			isa = PBXSourcesBuildPhase;
			buildActionMask = 2147483647;
			files = (
				2C70569B233FD6C60061FBC5 /* CardDeck.swift in Sources */,
				2C57DA14233D093E00C32672 /* TestCardGame.swift in Sources */,
				2C57DA1B233D095E00C32672 /* Rank.swift in Sources */,
				2C57DA1A233D095E00C32672 /* Suit.swift in Sources */,
				2C70569A233FD6C10061FBC5 /* TestCardDeck.swift in Sources */,
				2C7056AB23439BE10061FBC5 /* OutputView.swift in Sources */,
				2C7056A32340EBA60061FBC5 /* CardDeckGame.swift in Sources */,
				2C7056AA23439BDF0061FBC5 /* InputView.swift in Sources */,
				2C7056B623439E240061FBC5 /* PockerDealerOutputView.swift in Sources */,
				2C7056A02340E5150061FBC5 /* DeckMenu.swift in Sources */,
				2C7056B723439E270061FBC5 /* PockerDealerInputView.swift in Sources */,
				2C57DA19233D095E00C32672 /* Card.swift in Sources */,
				2C7056B523439E220061FBC5 /* PockerDealerGame.swift in Sources */,
			);
			runOnlyForDeploymentPostprocessing = 0;
		};
		839DA8DD1F8CDBC9009E05F3 /* Sources */ = {
			isa = PBXSourcesBuildPhase;
			buildActionMask = 2147483647;
			files = (
				839DA8E51F8CDBCA009E05F3 /* main.swift in Sources */,
				2C7056AD23439C3E0061FBC5 /* PockerDealerInputView.swift in Sources */,
				2C705698233FCFA40061FBC5 /* CardDeck.swift in Sources */,
				2C57DA0C233D054C00C32672 /* Rank.swift in Sources */,
				2C57DA0A233D054200C32672 /* Suit.swift in Sources */,
				2C57DA08233D04F300C32672 /* Card.swift in Sources */,
				2C7056A22340EBA40061FBC5 /* CardDeckGame.swift in Sources */,
				2C70569F2340E5030061FBC5 /* DeckMenu.swift in Sources */,
				2C7056B123439D300061FBC5 /* PockerDealerOutputView.swift in Sources */,
				2C70569D233FD7F10061FBC5 /* InputView.swift in Sources */,
				2C7056A7234393F30061FBC5 /* OutputView.swift in Sources */,
				2C7056AF23439CA20061FBC5 /* PockerDealerGame.swift in Sources */,
			);
			runOnlyForDeploymentPostprocessing = 0;
		};
/* End PBXSourcesBuildPhase section */

/* Begin XCBuildConfiguration section */
		2C57DA17233D093E00C32672 /* Debug */ = {
			isa = XCBuildConfiguration;
			buildSettings = {
				CLANG_ENABLE_OBJC_WEAK = YES;
				CLANG_WARN_DEPRECATED_OBJC_IMPLEMENTATIONS = YES;
				CLANG_WARN_OBJC_IMPLICIT_RETAIN_SELF = YES;
				CODE_SIGN_STYLE = Automatic;
				COMBINE_HIDPI_IMAGES = YES;
				DEVELOPMENT_TEAM = V5WAG2F3HV;
				INFOPLIST_FILE = TestCardGame/Info.plist;
				LD_RUNPATH_SEARCH_PATHS = "$(inherited) @executable_path/../Frameworks @loader_path/../Frameworks";
				MACOSX_DEPLOYMENT_TARGET = 10.14;
				MTL_ENABLE_DEBUG_INFO = INCLUDE_SOURCE;
				MTL_FAST_MATH = YES;
				PRODUCT_BUNDLE_IDENTIFIER = kyler.test.TestCardGame;
				PRODUCT_NAME = "$(TARGET_NAME)";
				SWIFT_VERSION = 5.0;
			};
			name = Debug;
		};
		2C57DA18233D093E00C32672 /* Release */ = {
			isa = XCBuildConfiguration;
			buildSettings = {
				CLANG_ENABLE_OBJC_WEAK = YES;
				CLANG_WARN_DEPRECATED_OBJC_IMPLEMENTATIONS = YES;
				CLANG_WARN_OBJC_IMPLICIT_RETAIN_SELF = YES;
				CODE_SIGN_STYLE = Automatic;
				COMBINE_HIDPI_IMAGES = YES;
				DEVELOPMENT_TEAM = V5WAG2F3HV;
				INFOPLIST_FILE = TestCardGame/Info.plist;
				LD_RUNPATH_SEARCH_PATHS = "$(inherited) @executable_path/../Frameworks @loader_path/../Frameworks";
				MACOSX_DEPLOYMENT_TARGET = 10.14;
				MTL_FAST_MATH = YES;
				PRODUCT_BUNDLE_IDENTIFIER = kyler.test.TestCardGame;
				PRODUCT_NAME = "$(TARGET_NAME)";
				SWIFT_VERSION = 5.0;
			};
			name = Release;
		};
		839DA8E61F8CDBCA009E05F3 /* Debug */ = {
			isa = XCBuildConfiguration;
			buildSettings = {
				ALWAYS_SEARCH_USER_PATHS = NO;
				CLANG_ANALYZER_NONNULL = YES;
				CLANG_ANALYZER_NUMBER_OBJECT_CONVERSION = YES_AGGRESSIVE;
				CLANG_CXX_LANGUAGE_STANDARD = "gnu++14";
				CLANG_CXX_LIBRARY = "libc++";
				CLANG_ENABLE_MODULES = YES;
				CLANG_ENABLE_OBJC_ARC = YES;
				CLANG_WARN_BLOCK_CAPTURE_AUTORELEASING = YES;
				CLANG_WARN_BOOL_CONVERSION = YES;
				CLANG_WARN_COMMA = YES;
				CLANG_WARN_CONSTANT_CONVERSION = YES;
				CLANG_WARN_DIRECT_OBJC_ISA_USAGE = YES_ERROR;
				CLANG_WARN_DOCUMENTATION_COMMENTS = YES;
				CLANG_WARN_EMPTY_BODY = YES;
				CLANG_WARN_ENUM_CONVERSION = YES;
				CLANG_WARN_INFINITE_RECURSION = YES;
				CLANG_WARN_INT_CONVERSION = YES;
				CLANG_WARN_NON_LITERAL_NULL_CONVERSION = YES;
				CLANG_WARN_OBJC_LITERAL_CONVERSION = YES;
				CLANG_WARN_OBJC_ROOT_CLASS = YES_ERROR;
				CLANG_WARN_RANGE_LOOP_ANALYSIS = YES;
				CLANG_WARN_STRICT_PROTOTYPES = YES;
				CLANG_WARN_SUSPICIOUS_MOVE = YES;
				CLANG_WARN_UNGUARDED_AVAILABILITY = YES_AGGRESSIVE;
				CLANG_WARN_UNREACHABLE_CODE = YES;
				CLANG_WARN__DUPLICATE_METHOD_MATCH = YES;
				CODE_SIGN_IDENTITY = "-";
				COPY_PHASE_STRIP = NO;
				DEBUG_INFORMATION_FORMAT = dwarf;
				ENABLE_STRICT_OBJC_MSGSEND = YES;
				ENABLE_TESTABILITY = YES;
				GCC_C_LANGUAGE_STANDARD = gnu11;
				GCC_DYNAMIC_NO_PIC = NO;
				GCC_NO_COMMON_BLOCKS = YES;
				GCC_OPTIMIZATION_LEVEL = 0;
				GCC_PREPROCESSOR_DEFINITIONS = (
					"DEBUG=1",
					"$(inherited)",
				);
				GCC_WARN_64_TO_32_BIT_CONVERSION = YES;
				GCC_WARN_ABOUT_RETURN_TYPE = YES_ERROR;
				GCC_WARN_UNDECLARED_SELECTOR = YES;
				GCC_WARN_UNINITIALIZED_AUTOS = YES_AGGRESSIVE;
				GCC_WARN_UNUSED_FUNCTION = YES;
				GCC_WARN_UNUSED_VARIABLE = YES;
				MACOSX_DEPLOYMENT_TARGET = 10.13;
				MTL_ENABLE_DEBUG_INFO = YES;
				ONLY_ACTIVE_ARCH = YES;
				SDKROOT = macosx;
				SWIFT_ACTIVE_COMPILATION_CONDITIONS = DEBUG;
				SWIFT_OPTIMIZATION_LEVEL = "-Onone";
			};
			name = Debug;
		};
		839DA8E71F8CDBCA009E05F3 /* Release */ = {
			isa = XCBuildConfiguration;
			buildSettings = {
				ALWAYS_SEARCH_USER_PATHS = NO;
				CLANG_ANALYZER_NONNULL = YES;
				CLANG_ANALYZER_NUMBER_OBJECT_CONVERSION = YES_AGGRESSIVE;
				CLANG_CXX_LANGUAGE_STANDARD = "gnu++14";
				CLANG_CXX_LIBRARY = "libc++";
				CLANG_ENABLE_MODULES = YES;
				CLANG_ENABLE_OBJC_ARC = YES;
				CLANG_WARN_BLOCK_CAPTURE_AUTORELEASING = YES;
				CLANG_WARN_BOOL_CONVERSION = YES;
				CLANG_WARN_COMMA = YES;
				CLANG_WARN_CONSTANT_CONVERSION = YES;
				CLANG_WARN_DIRECT_OBJC_ISA_USAGE = YES_ERROR;
				CLANG_WARN_DOCUMENTATION_COMMENTS = YES;
				CLANG_WARN_EMPTY_BODY = YES;
				CLANG_WARN_ENUM_CONVERSION = YES;
				CLANG_WARN_INFINITE_RECURSION = YES;
				CLANG_WARN_INT_CONVERSION = YES;
				CLANG_WARN_NON_LITERAL_NULL_CONVERSION = YES;
				CLANG_WARN_OBJC_LITERAL_CONVERSION = YES;
				CLANG_WARN_OBJC_ROOT_CLASS = YES_ERROR;
				CLANG_WARN_RANGE_LOOP_ANALYSIS = YES;
				CLANG_WARN_STRICT_PROTOTYPES = YES;
				CLANG_WARN_SUSPICIOUS_MOVE = YES;
				CLANG_WARN_UNGUARDED_AVAILABILITY = YES_AGGRESSIVE;
				CLANG_WARN_UNREACHABLE_CODE = YES;
				CLANG_WARN__DUPLICATE_METHOD_MATCH = YES;
				CODE_SIGN_IDENTITY = "-";
				COPY_PHASE_STRIP = NO;
				DEBUG_INFORMATION_FORMAT = "dwarf-with-dsym";
				ENABLE_NS_ASSERTIONS = NO;
				ENABLE_STRICT_OBJC_MSGSEND = YES;
				GCC_C_LANGUAGE_STANDARD = gnu11;
				GCC_NO_COMMON_BLOCKS = YES;
				GCC_WARN_64_TO_32_BIT_CONVERSION = YES;
				GCC_WARN_ABOUT_RETURN_TYPE = YES_ERROR;
				GCC_WARN_UNDECLARED_SELECTOR = YES;
				GCC_WARN_UNINITIALIZED_AUTOS = YES_AGGRESSIVE;
				GCC_WARN_UNUSED_FUNCTION = YES;
				GCC_WARN_UNUSED_VARIABLE = YES;
				MACOSX_DEPLOYMENT_TARGET = 10.13;
				MTL_ENABLE_DEBUG_INFO = NO;
				SDKROOT = macosx;
				SWIFT_OPTIMIZATION_LEVEL = "-Owholemodule";
			};
			name = Release;
		};
		839DA8E91F8CDBCA009E05F3 /* Debug */ = {
			isa = XCBuildConfiguration;
			buildSettings = {
				CODE_SIGN_STYLE = Automatic;
				PRODUCT_NAME = "$(TARGET_NAME)";
				SWIFT_VERSION = 4.0;
			};
			name = Debug;
		};
		839DA8EA1F8CDBCA009E05F3 /* Release */ = {
			isa = XCBuildConfiguration;
			buildSettings = {
				CODE_SIGN_STYLE = Automatic;
				PRODUCT_NAME = "$(TARGET_NAME)";
				SWIFT_VERSION = 4.0;
			};
			name = Release;
		};
/* End XCBuildConfiguration section */

/* Begin XCConfigurationList section */
		2C57DA16233D093E00C32672 /* Build configuration list for PBXNativeTarget "TestCardGame" */ = {
			isa = XCConfigurationList;
			buildConfigurations = (
				2C57DA17233D093E00C32672 /* Debug */,
				2C57DA18233D093E00C32672 /* Release */,
			);
			defaultConfigurationIsVisible = 0;
			defaultConfigurationName = Release;
		};
		839DA8DC1F8CDBC9009E05F3 /* Build configuration list for PBXProject "CardGame" */ = {
			isa = XCConfigurationList;
			buildConfigurations = (
				839DA8E61F8CDBCA009E05F3 /* Debug */,
				839DA8E71F8CDBCA009E05F3 /* Release */,
			);
			defaultConfigurationIsVisible = 0;
			defaultConfigurationName = Release;
		};
		839DA8E81F8CDBCA009E05F3 /* Build configuration list for PBXNativeTarget "CardGame" */ = {
			isa = XCConfigurationList;
			buildConfigurations = (
				839DA8E91F8CDBCA009E05F3 /* Debug */,
				839DA8EA1F8CDBCA009E05F3 /* Release */,
			);
			defaultConfigurationIsVisible = 0;
			defaultConfigurationName = Release;
		};
/* End XCConfigurationList section */
	};
	rootObject = 839DA8D91F8CDBC9009E05F3 /* Project object */;
}
