// !$*UTF8*$!
{
	archiveVersion = 1;
	classes = {
	};
	objectVersion = 48;
	objects = {

/* Begin PBXBuildFile section */
		839DA8E51F8CDBCA009E05F3 /* main.swift in Sources */ = {isa = PBXBuildFile; fileRef = 839DA8E41F8CDBCA009E05F3 /* main.swift */; };
		C219D73822C335F900276B19 /* Card.swift in Sources */ = {isa = PBXBuildFile; fileRef = C219D73722C335F900276B19 /* Card.swift */; };
		C2215D3D22CDE121001ECCDD /* main.swift in Sources */ = {isa = PBXBuildFile; fileRef = 839DA8E41F8CDBCA009E05F3 /* main.swift */; };
		C2215D3E22CDE121001ECCDD /* GameMode.swift in Sources */ = {isa = PBXBuildFile; fileRef = C2E5FF7222C4B5CD00ECC13F /* GameMode.swift */; };
		C2215D3F22CDE121001ECCDD /* NumberOfParticipants.swift in Sources */ = {isa = PBXBuildFile; fileRef = C240F8BA22CBA5260089DD21 /* NumberOfParticipants.swift */; };
		C2215D4022CDE121001ECCDD /* Hands.swift in Sources */ = {isa = PBXBuildFile; fileRef = C2E8CA0622CCBB5400F47CB2 /* Hands.swift */; };
		C2215D4122CDE121001ECCDD /* HandsDeterminator.swift in Sources */ = {isa = PBXBuildFile; fileRef = C2E8CA0822CCC3B500F47CB2 /* HandsDeterminator.swift */; };
		C2215D4322CDE12F001ECCDD /* PlayerFactory.swift in Sources */ = {isa = PBXBuildFile; fileRef = C2D9114D22C9D30700B9FC4D /* PlayerFactory.swift */; };
		C2215D4422CDE12F001ECCDD /* Player.swift in Sources */ = {isa = PBXBuildFile; fileRef = C2D9114B22C9CEA500B9FC4D /* Player.swift */; };
		C2215D4522CDE12F001ECCDD /* Participant.swift in Sources */ = {isa = PBXBuildFile; fileRef = C2D9115222C9EC9C00B9FC4D /* Participant.swift */; };
		C2215D4622CDE12F001ECCDD /* Dealer.swift in Sources */ = {isa = PBXBuildFile; fileRef = C2D9115422C9ED1200B9FC4D /* Dealer.swift */; };
		C2215D4722CDE133001ECCDD /* Card.swift in Sources */ = {isa = PBXBuildFile; fileRef = C219D73722C335F900276B19 /* Card.swift */; };
		C2215D4822CDE133001ECCDD /* CardDeck.swift in Sources */ = {isa = PBXBuildFile; fileRef = C2E5FF6A22C4978900ECC13F /* CardDeck.swift */; };
		C2215D4922CDE133001ECCDD /* CardFactory.swift in Sources */ = {isa = PBXBuildFile; fileRef = C2E5FF7422C4BC3D00ECC13F /* CardFactory.swift */; };
		C2215D4A22CDEA92001ECCDD /* GameInputView.swift in Sources */ = {isa = PBXBuildFile; fileRef = C2D9114922C9B5FB00B9FC4D /* GameInputView.swift */; };
		C2215D4B22CDEA92001ECCDD /* OutputView.swift in Sources */ = {isa = PBXBuildFile; fileRef = C2E5FF7022C4B3D300ECC13F /* OutputView.swift */; };
		C2215D4C22CDEA92001ECCDD /* InputView.swift in Sources */ = {isa = PBXBuildFile; fileRef = C2E5FF6E22C49E4500ECC13F /* InputView.swift */; };
		C2215D4E22CE1945001ECCDD /* HandsDeterminatorTests.swift in Sources */ = {isa = PBXBuildFile; fileRef = C2215D4D22CE1945001ECCDD /* HandsDeterminatorTests.swift */; };
		C240F8BB22CBA5260089DD21 /* NumberOfParticipants.swift in Sources */ = {isa = PBXBuildFile; fileRef = C240F8BA22CBA5260089DD21 /* NumberOfParticipants.swift */; };
		C241A6E222D469F800A0B02C /* PlayerPrintable.swift in Sources */ = {isa = PBXBuildFile; fileRef = C241A6E122D469F800A0B02C /* PlayerPrintable.swift */; };
		C241A6E422D46C4400A0B02C /* PlayersIterator.swift in Sources */ = {isa = PBXBuildFile; fileRef = C241A6E322D46C4400A0B02C /* PlayersIterator.swift */; };
		C241A6E522D46CEF00A0B02C /* PlayerPrintable.swift in Sources */ = {isa = PBXBuildFile; fileRef = C241A6E122D469F800A0B02C /* PlayerPrintable.swift */; };
		C241A6E622D46CF400A0B02C /* PlayersIterator.swift in Sources */ = {isa = PBXBuildFile; fileRef = C241A6E322D46C4400A0B02C /* PlayersIterator.swift */; };
		C28744A922D3179C00764589 /* Cards.swift in Sources */ = {isa = PBXBuildFile; fileRef = C28744A822D3179C00764589 /* Cards.swift */; };
		C28744AB22D31D3300764589 /* Players.swift in Sources */ = {isa = PBXBuildFile; fileRef = C28744AA22D31D3300764589 /* Players.swift */; };
		C28744AF22D332D200764589 /* Decision.swift in Sources */ = {isa = PBXBuildFile; fileRef = C28744AE22D332D200764589 /* Decision.swift */; };
		C28744B022D3750100764589 /* Cards.swift in Sources */ = {isa = PBXBuildFile; fileRef = C28744A822D3179C00764589 /* Cards.swift */; };
		C28744B122D3750700764589 /* Players.swift in Sources */ = {isa = PBXBuildFile; fileRef = C28744AA22D31D3300764589 /* Players.swift */; };
		C28744B222D37AE800764589 /* Decision.swift in Sources */ = {isa = PBXBuildFile; fileRef = C28744AE22D332D200764589 /* Decision.swift */; };
		C28744B422D37B7E00764589 /* WinnerTests.swift in Sources */ = {isa = PBXBuildFile; fileRef = C28744B322D37B7E00764589 /* WinnerTests.swift */; };
		C2D9114A22C9B5FB00B9FC4D /* GameInputView.swift in Sources */ = {isa = PBXBuildFile; fileRef = C2D9114922C9B5FB00B9FC4D /* GameInputView.swift */; };
		C2D9114C22C9CEA500B9FC4D /* Player.swift in Sources */ = {isa = PBXBuildFile; fileRef = C2D9114B22C9CEA500B9FC4D /* Player.swift */; };
		C2D9114E22C9D30700B9FC4D /* PlayerFactory.swift in Sources */ = {isa = PBXBuildFile; fileRef = C2D9114D22C9D30700B9FC4D /* PlayerFactory.swift */; };
		C2D9115322C9EC9C00B9FC4D /* Participant.swift in Sources */ = {isa = PBXBuildFile; fileRef = C2D9115222C9EC9C00B9FC4D /* Participant.swift */; };
		C2D9115522C9ED1200B9FC4D /* Dealer.swift in Sources */ = {isa = PBXBuildFile; fileRef = C2D9115422C9ED1200B9FC4D /* Dealer.swift */; };
		C2E5FF6B22C4978900ECC13F /* CardDeck.swift in Sources */ = {isa = PBXBuildFile; fileRef = C2E5FF6A22C4978900ECC13F /* CardDeck.swift */; };
		C2E5FF6F22C49E4500ECC13F /* InputView.swift in Sources */ = {isa = PBXBuildFile; fileRef = C2E5FF6E22C49E4500ECC13F /* InputView.swift */; };
		C2E5FF7122C4B3D300ECC13F /* OutputView.swift in Sources */ = {isa = PBXBuildFile; fileRef = C2E5FF7022C4B3D300ECC13F /* OutputView.swift */; };
		C2E5FF7322C4B5CD00ECC13F /* GameMode.swift in Sources */ = {isa = PBXBuildFile; fileRef = C2E5FF7222C4B5CD00ECC13F /* GameMode.swift */; };
		C2E5FF7522C4BC3D00ECC13F /* CardFactory.swift in Sources */ = {isa = PBXBuildFile; fileRef = C2E5FF7422C4BC3D00ECC13F /* CardFactory.swift */; };
		C2E8CA0722CCBB5400F47CB2 /* Hands.swift in Sources */ = {isa = PBXBuildFile; fileRef = C2E8CA0622CCBB5400F47CB2 /* Hands.swift */; };
		C2E8CA0922CCC3B500F47CB2 /* HandsDeterminator.swift in Sources */ = {isa = PBXBuildFile; fileRef = C2E8CA0822CCC3B500F47CB2 /* HandsDeterminator.swift */; };
/* End PBXBuildFile section */

/* Begin PBXCopyFilesBuildPhase section */
		839DA8DF1F8CDBC9009E05F3 /* CopyFiles */ = {
			isa = PBXCopyFilesBuildPhase;
			buildActionMask = 2147483647;
			dstPath = /usr/share/man/man1/;
			dstSubfolderSpec = 0;
			files = (
			);
			runOnlyForDeploymentPostprocessing = 1;
		};
/* End PBXCopyFilesBuildPhase section */

/* Begin PBXFileReference section */
		839DA8E11F8CDBC9009E05F3 /* CardGame */ = {isa = PBXFileReference; explicitFileType = "compiled.mach-o.executable"; includeInIndex = 0; path = CardGame; sourceTree = BUILT_PRODUCTS_DIR; };
		839DA8E41F8CDBCA009E05F3 /* main.swift */ = {isa = PBXFileReference; lastKnownFileType = sourcecode.swift; path = main.swift; sourceTree = "<group>"; };
		C219D73722C335F900276B19 /* Card.swift */ = {isa = PBXFileReference; lastKnownFileType = sourcecode.swift; path = Card.swift; sourceTree = "<group>"; };
		C2215D3522CDE112001ECCDD /* CardGameTests.xctest */ = {isa = PBXFileReference; explicitFileType = wrapper.cfbundle; includeInIndex = 0; path = CardGameTests.xctest; sourceTree = BUILT_PRODUCTS_DIR; };
		C2215D3922CDE112001ECCDD /* Info.plist */ = {isa = PBXFileReference; lastKnownFileType = text.plist.xml; path = Info.plist; sourceTree = "<group>"; };
		C2215D4D22CE1945001ECCDD /* HandsDeterminatorTests.swift */ = {isa = PBXFileReference; lastKnownFileType = sourcecode.swift; path = HandsDeterminatorTests.swift; sourceTree = "<group>"; };
		C240F8BA22CBA5260089DD21 /* NumberOfParticipants.swift */ = {isa = PBXFileReference; lastKnownFileType = sourcecode.swift; path = NumberOfParticipants.swift; sourceTree = "<group>"; };
		C241A6E122D469F800A0B02C /* PlayerPrintable.swift */ = {isa = PBXFileReference; lastKnownFileType = sourcecode.swift; path = PlayerPrintable.swift; sourceTree = "<group>"; };
		C241A6E322D46C4400A0B02C /* PlayersIterator.swift */ = {isa = PBXFileReference; lastKnownFileType = sourcecode.swift; path = PlayersIterator.swift; sourceTree = "<group>"; };
		C28744A822D3179C00764589 /* Cards.swift */ = {isa = PBXFileReference; lastKnownFileType = sourcecode.swift; path = Cards.swift; sourceTree = "<group>"; };
		C28744AA22D31D3300764589 /* Players.swift */ = {isa = PBXFileReference; lastKnownFileType = sourcecode.swift; path = Players.swift; sourceTree = "<group>"; };
		C28744AE22D332D200764589 /* Decision.swift */ = {isa = PBXFileReference; lastKnownFileType = sourcecode.swift; path = Decision.swift; sourceTree = "<group>"; };
		C28744B322D37B7E00764589 /* WinnerTests.swift */ = {isa = PBXFileReference; lastKnownFileType = sourcecode.swift; path = WinnerTests.swift; sourceTree = "<group>"; };
		C2D9114922C9B5FB00B9FC4D /* GameInputView.swift */ = {isa = PBXFileReference; lastKnownFileType = sourcecode.swift; path = GameInputView.swift; sourceTree = "<group>"; };
		C2D9114B22C9CEA500B9FC4D /* Player.swift */ = {isa = PBXFileReference; lastKnownFileType = sourcecode.swift; path = Player.swift; sourceTree = "<group>"; };
		C2D9114D22C9D30700B9FC4D /* PlayerFactory.swift */ = {isa = PBXFileReference; lastKnownFileType = sourcecode.swift; path = PlayerFactory.swift; sourceTree = "<group>"; };
		C2D9115222C9EC9C00B9FC4D /* Participant.swift */ = {isa = PBXFileReference; lastKnownFileType = sourcecode.swift; path = Participant.swift; sourceTree = "<group>"; };
		C2D9115422C9ED1200B9FC4D /* Dealer.swift */ = {isa = PBXFileReference; lastKnownFileType = sourcecode.swift; path = Dealer.swift; sourceTree = "<group>"; };
		C2E5FF6A22C4978900ECC13F /* CardDeck.swift */ = {isa = PBXFileReference; lastKnownFileType = sourcecode.swift; path = CardDeck.swift; sourceTree = "<group>"; };
		C2E5FF6E22C49E4500ECC13F /* InputView.swift */ = {isa = PBXFileReference; lastKnownFileType = sourcecode.swift; path = InputView.swift; sourceTree = "<group>"; };
		C2E5FF7022C4B3D300ECC13F /* OutputView.swift */ = {isa = PBXFileReference; lastKnownFileType = sourcecode.swift; path = OutputView.swift; sourceTree = "<group>"; };
		C2E5FF7222C4B5CD00ECC13F /* GameMode.swift */ = {isa = PBXFileReference; lastKnownFileType = sourcecode.swift; path = GameMode.swift; sourceTree = "<group>"; };
		C2E5FF7422C4BC3D00ECC13F /* CardFactory.swift */ = {isa = PBXFileReference; lastKnownFileType = sourcecode.swift; path = CardFactory.swift; sourceTree = "<group>"; };
		C2E8CA0622CCBB5400F47CB2 /* Hands.swift */ = {isa = PBXFileReference; lastKnownFileType = sourcecode.swift; path = Hands.swift; sourceTree = "<group>"; };
		C2E8CA0822CCC3B500F47CB2 /* HandsDeterminator.swift */ = {isa = PBXFileReference; lastKnownFileType = sourcecode.swift; path = HandsDeterminator.swift; sourceTree = "<group>"; };
/* End PBXFileReference section */

/* Begin PBXFrameworksBuildPhase section */
		839DA8DE1F8CDBC9009E05F3 /* Frameworks */ = {
			isa = PBXFrameworksBuildPhase;
			buildActionMask = 2147483647;
			files = (
			);
			runOnlyForDeploymentPostprocessing = 0;
		};
		C2215D3222CDE112001ECCDD /* Frameworks */ = {
			isa = PBXFrameworksBuildPhase;
			buildActionMask = 2147483647;
			files = (
			);
			runOnlyForDeploymentPostprocessing = 0;
		};
/* End PBXFrameworksBuildPhase section */

/* Begin PBXGroup section */
		839DA8D81F8CDBC9009E05F3 = {
			isa = PBXGroup;
			children = (
				839DA8E31F8CDBC9009E05F3 /* CardGame */,
				C2215D3622CDE112001ECCDD /* CardGameTests */,
				839DA8E21F8CDBC9009E05F3 /* Products */,
			);
			sourceTree = "<group>";
		};
		839DA8E21F8CDBC9009E05F3 /* Products */ = {
			isa = PBXGroup;
			children = (
				839DA8E11F8CDBC9009E05F3 /* CardGame */,
				C2215D3522CDE112001ECCDD /* CardGameTests.xctest */,
			);
			name = Products;
			sourceTree = "<group>";
		};
		839DA8E31F8CDBC9009E05F3 /* CardGame */ = {
			isa = PBXGroup;
			children = (
				839DA8E41F8CDBCA009E05F3 /* main.swift */,
				C2E5FF7222C4B5CD00ECC13F /* GameMode.swift */,
				C240F8BA22CBA5260089DD21 /* NumberOfParticipants.swift */,
				C2E8CA0622CCBB5400F47CB2 /* Hands.swift */,
				C2E8CA0822CCC3B500F47CB2 /* HandsDeterminator.swift */,
				C28744AE22D332D200764589 /* Decision.swift */,
				C2D9115122C9EB3600B9FC4D /* View */,
				C2D9115622C9F01500B9FC4D /* Player */,
				C2D9115722C9F03900B9FC4D /* Card */,
			);
			path = CardGame;
			sourceTree = "<group>";
		};
		C2215D3622CDE112001ECCDD /* CardGameTests */ = {
			isa = PBXGroup;
			children = (
				C2215D4D22CE1945001ECCDD /* HandsDeterminatorTests.swift */,
				C28744B322D37B7E00764589 /* WinnerTests.swift */,
				C2215D3922CDE112001ECCDD /* Info.plist */,
			);
			path = CardGameTests;
			sourceTree = "<group>";
		};
		C2D9115122C9EB3600B9FC4D /* View */ = {
			isa = PBXGroup;
			children = (
				C2D9114922C9B5FB00B9FC4D /* GameInputView.swift */,
				C2E5FF7022C4B3D300ECC13F /* OutputView.swift */,
				C2E5FF6E22C49E4500ECC13F /* InputView.swift */,
			);
			path = View;
			sourceTree = "<group>";
		};
		C2D9115622C9F01500B9FC4D /* Player */ = {
			isa = PBXGroup;
			children = (
				C2D9114D22C9D30700B9FC4D /* PlayerFactory.swift */,
				C2D9114B22C9CEA500B9FC4D /* Player.swift */,
				C28744AA22D31D3300764589 /* Players.swift */,
				C241A6E322D46C4400A0B02C /* PlayersIterator.swift */,
				C2D9115222C9EC9C00B9FC4D /* Participant.swift */,
				C2D9115422C9ED1200B9FC4D /* Dealer.swift */,
				C241A6E122D469F800A0B02C /* PlayerPrintable.swift */,
			);
			path = Player;
			sourceTree = "<group>";
		};
		C2D9115722C9F03900B9FC4D /* Card */ = {
			isa = PBXGroup;
			children = (
				C219D73722C335F900276B19 /* Card.swift */,
				C28744A822D3179C00764589 /* Cards.swift */,
				C2E5FF6A22C4978900ECC13F /* CardDeck.swift */,
				C2E5FF7422C4BC3D00ECC13F /* CardFactory.swift */,
			);
			path = Card;
			sourceTree = "<group>";
		};
/* End PBXGroup section */

/* Begin PBXNativeTarget section */
		839DA8E01F8CDBC9009E05F3 /* CardGame */ = {
			isa = PBXNativeTarget;
			buildConfigurationList = 839DA8E81F8CDBCA009E05F3 /* Build configuration list for PBXNativeTarget "CardGame" */;
			buildPhases = (
				839DA8DD1F8CDBC9009E05F3 /* Sources */,
				839DA8DE1F8CDBC9009E05F3 /* Frameworks */,
				839DA8DF1F8CDBC9009E05F3 /* CopyFiles */,
			);
			buildRules = (
			);
			dependencies = (
			);
			name = CardGame;
			productName = CardGame;
			productReference = 839DA8E11F8CDBC9009E05F3 /* CardGame */;
			productType = "com.apple.product-type.tool";
		};
		C2215D3422CDE112001ECCDD /* CardGameTests */ = {
			isa = PBXNativeTarget;
			buildConfigurationList = C2215D3C22CDE112001ECCDD /* Build configuration list for PBXNativeTarget "CardGameTests" */;
			buildPhases = (
				C2215D3122CDE112001ECCDD /* Sources */,
				C2215D3222CDE112001ECCDD /* Frameworks */,
				C2215D3322CDE112001ECCDD /* Resources */,
			);
			buildRules = (
			);
			dependencies = (
			);
			name = CardGameTests;
			productName = CardGameTests;
			productReference = C2215D3522CDE112001ECCDD /* CardGameTests.xctest */;
			productType = "com.apple.product-type.bundle.unit-test";
		};
/* End PBXNativeTarget section */

/* Begin PBXProject section */
		839DA8D91F8CDBC9009E05F3 /* Project object */ = {
			isa = PBXProject;
			attributes = {
				LastSwiftUpdateCheck = 1020;
				LastUpgradeCheck = 0900;
				ORGANIZATIONNAME = JK;
				TargetAttributes = {
					839DA8E01F8CDBC9009E05F3 = {
						CreatedOnToolsVersion = 9.0;
						ProvisioningStyle = Automatic;
					};
					C2215D3422CDE112001ECCDD = {
						CreatedOnToolsVersion = 10.2.1;
						ProvisioningStyle = Automatic;
					};
				};
			};
			buildConfigurationList = 839DA8DC1F8CDBC9009E05F3 /* Build configuration list for PBXProject "CardGame" */;
			compatibilityVersion = "Xcode 8.0";
			developmentRegion = en;
			hasScannedForEncodings = 0;
			knownRegions = (
				en,
			);
			mainGroup = 839DA8D81F8CDBC9009E05F3;
			productRefGroup = 839DA8E21F8CDBC9009E05F3 /* Products */;
			projectDirPath = "";
			projectRoot = "";
			targets = (
				839DA8E01F8CDBC9009E05F3 /* CardGame */,
				C2215D3422CDE112001ECCDD /* CardGameTests */,
			);
		};
/* End PBXProject section */

/* Begin PBXResourcesBuildPhase section */
		C2215D3322CDE112001ECCDD /* Resources */ = {
			isa = PBXResourcesBuildPhase;
			buildActionMask = 2147483647;
			files = (
			);
			runOnlyForDeploymentPostprocessing = 0;
		};
/* End PBXResourcesBuildPhase section */

/* Begin PBXSourcesBuildPhase section */
		839DA8DD1F8CDBC9009E05F3 /* Sources */ = {
			isa = PBXSourcesBuildPhase;
			buildActionMask = 2147483647;
			files = (
				C28744AB22D31D3300764589 /* Players.swift in Sources */,
				C2E5FF7322C4B5CD00ECC13F /* GameMode.swift in Sources */,
				C2E5FF7122C4B3D300ECC13F /* OutputView.swift in Sources */,
				C2E8CA0722CCBB5400F47CB2 /* Hands.swift in Sources */,
				C2D9115522C9ED1200B9FC4D /* Dealer.swift in Sources */,
				C2E8CA0922CCC3B500F47CB2 /* HandsDeterminator.swift in Sources */,
				C2E5FF6B22C4978900ECC13F /* CardDeck.swift in Sources */,
				C2D9114A22C9B5FB00B9FC4D /* GameInputView.swift in Sources */,
				C2E5FF7522C4BC3D00ECC13F /* CardFactory.swift in Sources */,
				C28744A922D3179C00764589 /* Cards.swift in Sources */,
				C241A6E422D46C4400A0B02C /* PlayersIterator.swift in Sources */,
				C2D9114E22C9D30700B9FC4D /* PlayerFactory.swift in Sources */,
				C28744AF22D332D200764589 /* Decision.swift in Sources */,
				C240F8BB22CBA5260089DD21 /* NumberOfParticipants.swift in Sources */,
				C2E5FF6F22C49E4500ECC13F /* InputView.swift in Sources */,
				C241A6E222D469F800A0B02C /* PlayerPrintable.swift in Sources */,
				839DA8E51F8CDBCA009E05F3 /* main.swift in Sources */,
				C2D9114C22C9CEA500B9FC4D /* Player.swift in Sources */,
				C219D73822C335F900276B19 /* Card.swift in Sources */,
				C2D9115322C9EC9C00B9FC4D /* Participant.swift in Sources */,
			);
			runOnlyForDeploymentPostprocessing = 0;
		};
		C2215D3122CDE112001ECCDD /* Sources */ = {
			isa = PBXSourcesBuildPhase;
			buildActionMask = 2147483647;
			files = (
				C2215D4E22CE1945001ECCDD /* HandsDeterminatorTests.swift in Sources */,
				C2215D3D22CDE121001ECCDD /* main.swift in Sources */,
				C2215D3F22CDE121001ECCDD /* NumberOfParticipants.swift in Sources */,
				C2215D4322CDE12F001ECCDD /* PlayerFactory.swift in Sources */,
				C2215D4022CDE121001ECCDD /* Hands.swift in Sources */,
				C2215D4A22CDEA92001ECCDD /* GameInputView.swift in Sources */,
				C2215D4B22CDEA92001ECCDD /* OutputView.swift in Sources */,
				C2215D4C22CDEA92001ECCDD /* InputView.swift in Sources */,
				C241A6E622D46CF400A0B02C /* PlayersIterator.swift in Sources */,
				C2215D4122CDE121001ECCDD /* HandsDeterminator.swift in Sources */,
				C2215D4722CDE133001ECCDD /* Card.swift in Sources */,
				C2215D4522CDE12F001ECCDD /* Participant.swift in Sources */,
				C2215D4822CDE133001ECCDD /* CardDeck.swift in Sources */,
				C28744B222D37AE800764589 /* Decision.swift in Sources */,
				C241A6E522D46CEF00A0B02C /* PlayerPrintable.swift in Sources */,
				C2215D4922CDE133001ECCDD /* CardFactory.swift in Sources */,
				C2215D4422CDE12F001ECCDD /* Player.swift in Sources */,
				C28744B122D3750700764589 /* Players.swift in Sources */,
				C28744B022D3750100764589 /* Cards.swift in Sources */,
				C2215D4622CDE12F001ECCDD /* Dealer.swift in Sources */,
				C28744B422D37B7E00764589 /* WinnerTests.swift in Sources */,
				C2215D3E22CDE121001ECCDD /* GameMode.swift in Sources */,
			);
			runOnlyForDeploymentPostprocessing = 0;
		};
/* End PBXSourcesBuildPhase section */

/* Begin XCBuildConfiguration section */
		839DA8E61F8CDBCA009E05F3 /* Debug */ = {
			isa = XCBuildConfiguration;
			buildSettings = {
				ALWAYS_SEARCH_USER_PATHS = NO;
				CLANG_ANALYZER_NONNULL = YES;
				CLANG_ANALYZER_NUMBER_OBJECT_CONVERSION = YES_AGGRESSIVE;
				CLANG_CXX_LANGUAGE_STANDARD = "gnu++14";
				CLANG_CXX_LIBRARY = "libc++";
				CLANG_ENABLE_MODULES = YES;
				CLANG_ENABLE_OBJC_ARC = YES;
				CLANG_WARN_BLOCK_CAPTURE_AUTORELEASING = YES;
				CLANG_WARN_BOOL_CONVERSION = YES;
				CLANG_WARN_COMMA = YES;
				CLANG_WARN_CONSTANT_CONVERSION = YES;
				CLANG_WARN_DIRECT_OBJC_ISA_USAGE = YES_ERROR;
				CLANG_WARN_DOCUMENTATION_COMMENTS = YES;
				CLANG_WARN_EMPTY_BODY = YES;
				CLANG_WARN_ENUM_CONVERSION = YES;
				CLANG_WARN_INFINITE_RECURSION = YES;
				CLANG_WARN_INT_CONVERSION = YES;
				CLANG_WARN_NON_LITERAL_NULL_CONVERSION = YES;
				CLANG_WARN_OBJC_LITERAL_CONVERSION = YES;
				CLANG_WARN_OBJC_ROOT_CLASS = YES_ERROR;
				CLANG_WARN_RANGE_LOOP_ANALYSIS = YES;
				CLANG_WARN_STRICT_PROTOTYPES = YES;
				CLANG_WARN_SUSPICIOUS_MOVE = YES;
				CLANG_WARN_UNGUARDED_AVAILABILITY = YES_AGGRESSIVE;
				CLANG_WARN_UNREACHABLE_CODE = YES;
				CLANG_WARN__DUPLICATE_METHOD_MATCH = YES;
				CODE_SIGN_IDENTITY = "-";
				COPY_PHASE_STRIP = NO;
				DEBUG_INFORMATION_FORMAT = dwarf;
				ENABLE_STRICT_OBJC_MSGSEND = YES;
				ENABLE_TESTABILITY = YES;
				GCC_C_LANGUAGE_STANDARD = gnu11;
				GCC_DYNAMIC_NO_PIC = NO;
				GCC_NO_COMMON_BLOCKS = YES;
				GCC_OPTIMIZATION_LEVEL = 0;
				GCC_PREPROCESSOR_DEFINITIONS = (
					"DEBUG=1",
					"$(inherited)",
				);
				GCC_WARN_64_TO_32_BIT_CONVERSION = YES;
				GCC_WARN_ABOUT_RETURN_TYPE = YES_ERROR;
				GCC_WARN_UNDECLARED_SELECTOR = YES;
				GCC_WARN_UNINITIALIZED_AUTOS = YES_AGGRESSIVE;
				GCC_WARN_UNUSED_FUNCTION = YES;
				GCC_WARN_UNUSED_VARIABLE = YES;
				MACOSX_DEPLOYMENT_TARGET = 10.13;
				MTL_ENABLE_DEBUG_INFO = YES;
				ONLY_ACTIVE_ARCH = YES;
				SDKROOT = macosx;
				SWIFT_ACTIVE_COMPILATION_CONDITIONS = DEBUG;
				SWIFT_OPTIMIZATION_LEVEL = "-Onone";
			};
			name = Debug;
		};
		839DA8E71F8CDBCA009E05F3 /* Release */ = {
			isa = XCBuildConfiguration;
			buildSettings = {
				ALWAYS_SEARCH_USER_PATHS = NO;
				CLANG_ANALYZER_NONNULL = YES;
				CLANG_ANALYZER_NUMBER_OBJECT_CONVERSION = YES_AGGRESSIVE;
				CLANG_CXX_LANGUAGE_STANDARD = "gnu++14";
				CLANG_CXX_LIBRARY = "libc++";
				CLANG_ENABLE_MODULES = YES;
				CLANG_ENABLE_OBJC_ARC = YES;
				CLANG_WARN_BLOCK_CAPTURE_AUTORELEASING = YES;
				CLANG_WARN_BOOL_CONVERSION = YES;
				CLANG_WARN_COMMA = YES;
				CLANG_WARN_CONSTANT_CONVERSION = YES;
				CLANG_WARN_DIRECT_OBJC_ISA_USAGE = YES_ERROR;
				CLANG_WARN_DOCUMENTATION_COMMENTS = YES;
				CLANG_WARN_EMPTY_BODY = YES;
				CLANG_WARN_ENUM_CONVERSION = YES;
				CLANG_WARN_INFINITE_RECURSION = YES;
				CLANG_WARN_INT_CONVERSION = YES;
				CLANG_WARN_NON_LITERAL_NULL_CONVERSION = YES;
				CLANG_WARN_OBJC_LITERAL_CONVERSION = YES;
				CLANG_WARN_OBJC_ROOT_CLASS = YES_ERROR;
				CLANG_WARN_RANGE_LOOP_ANALYSIS = YES;
				CLANG_WARN_STRICT_PROTOTYPES = YES;
				CLANG_WARN_SUSPICIOUS_MOVE = YES;
				CLANG_WARN_UNGUARDED_AVAILABILITY = YES_AGGRESSIVE;
				CLANG_WARN_UNREACHABLE_CODE = YES;
				CLANG_WARN__DUPLICATE_METHOD_MATCH = YES;
				CODE_SIGN_IDENTITY = "-";
				COPY_PHASE_STRIP = NO;
				DEBUG_INFORMATION_FORMAT = "dwarf-with-dsym";
				ENABLE_NS_ASSERTIONS = NO;
				ENABLE_STRICT_OBJC_MSGSEND = YES;
				GCC_C_LANGUAGE_STANDARD = gnu11;
				GCC_NO_COMMON_BLOCKS = YES;
				GCC_WARN_64_TO_32_BIT_CONVERSION = YES;
				GCC_WARN_ABOUT_RETURN_TYPE = YES_ERROR;
				GCC_WARN_UNDECLARED_SELECTOR = YES;
				GCC_WARN_UNINITIALIZED_AUTOS = YES_AGGRESSIVE;
				GCC_WARN_UNUSED_FUNCTION = YES;
				GCC_WARN_UNUSED_VARIABLE = YES;
				MACOSX_DEPLOYMENT_TARGET = 10.13;
				MTL_ENABLE_DEBUG_INFO = NO;
				SDKROOT = macosx;
				SWIFT_OPTIMIZATION_LEVEL = "-Owholemodule";
			};
			name = Release;
		};
		839DA8E91F8CDBCA009E05F3 /* Debug */ = {
			isa = XCBuildConfiguration;
			buildSettings = {
				CODE_SIGN_STYLE = Automatic;
				PRODUCT_NAME = "$(TARGET_NAME)";
				SWIFT_VERSION = 4.0;
			};
			name = Debug;
		};
		839DA8EA1F8CDBCA009E05F3 /* Release */ = {
			isa = XCBuildConfiguration;
			buildSettings = {
				CODE_SIGN_STYLE = Automatic;
				PRODUCT_NAME = "$(TARGET_NAME)";
				SWIFT_VERSION = 4.0;
			};
			name = Release;
		};
		C2215D3A22CDE112001ECCDD /* Debug */ = {
			isa = XCBuildConfiguration;
			buildSettings = {
				CLANG_ENABLE_OBJC_WEAK = YES;
				CLANG_WARN_DEPRECATED_OBJC_IMPLEMENTATIONS = YES;
				CLANG_WARN_OBJC_IMPLICIT_RETAIN_SELF = YES;
				CODE_SIGN_STYLE = Automatic;
				COMBINE_HIDPI_IMAGES = YES;
				INFOPLIST_FILE = CardGameTests/Info.plist;
				LD_RUNPATH_SEARCH_PATHS = "$(inherited) @executable_path/../Frameworks @loader_path/../Frameworks";
				MACOSX_DEPLOYMENT_TARGET = 10.14;
				MTL_ENABLE_DEBUG_INFO = INCLUDE_SOURCE;
				MTL_FAST_MATH = YES;
				PRODUCT_BUNDLE_IDENTIFIER = com.allwhite.CardGameTests;
				PRODUCT_NAME = "$(TARGET_NAME)";
				SWIFT_VERSION = 5.0;
			};
			name = Debug;
		};
		C2215D3B22CDE112001ECCDD /* Release */ = {
			isa = XCBuildConfiguration;
			buildSettings = {
				CLANG_ENABLE_OBJC_WEAK = YES;
				CLANG_WARN_DEPRECATED_OBJC_IMPLEMENTATIONS = YES;
				CLANG_WARN_OBJC_IMPLICIT_RETAIN_SELF = YES;
				CODE_SIGN_STYLE = Automatic;
				COMBINE_HIDPI_IMAGES = YES;
				INFOPLIST_FILE = CardGameTests/Info.plist;
				LD_RUNPATH_SEARCH_PATHS = "$(inherited) @executable_path/../Frameworks @loader_path/../Frameworks";
				MACOSX_DEPLOYMENT_TARGET = 10.14;
				MTL_FAST_MATH = YES;
				PRODUCT_BUNDLE_IDENTIFIER = com.allwhite.CardGameTests;
				PRODUCT_NAME = "$(TARGET_NAME)";
				SWIFT_VERSION = 5.0;
			};
			name = Release;
		};
/* End XCBuildConfiguration section */

/* Begin XCConfigurationList section */
		839DA8DC1F8CDBC9009E05F3 /* Build configuration list for PBXProject "CardGame" */ = {
			isa = XCConfigurationList;
			buildConfigurations = (
				839DA8E61F8CDBCA009E05F3 /* Debug */,
				839DA8E71F8CDBCA009E05F3 /* Release */,
			);
			defaultConfigurationIsVisible = 0;
			defaultConfigurationName = Release;
		};
		839DA8E81F8CDBCA009E05F3 /* Build configuration list for PBXNativeTarget "CardGame" */ = {
			isa = XCConfigurationList;
			buildConfigurations = (
				839DA8E91F8CDBCA009E05F3 /* Debug */,
				839DA8EA1F8CDBCA009E05F3 /* Release */,
			);
			defaultConfigurationIsVisible = 0;
			defaultConfigurationName = Release;
		};
		C2215D3C22CDE112001ECCDD /* Build configuration list for PBXNativeTarget "CardGameTests" */ = {
			isa = XCConfigurationList;
			buildConfigurations = (
				C2215D3A22CDE112001ECCDD /* Debug */,
				C2215D3B22CDE112001ECCDD /* Release */,
			);
			defaultConfigurationIsVisible = 0;
			defaultConfigurationName = Release;
		};
/* End XCConfigurationList section */
	};
	rootObject = 839DA8D91F8CDBC9009E05F3 /* Project object */;
}
